// !$*UTF8*$!
{
	archiveVersion = 1;
	classes = {
	};
	objectVersion = 48;
	objects = {

/* Begin PBXBuildFile section */
		0A997A6B1FB2CDFF0015EC1F /* OldManListViewController.m in Sources */ = {isa = PBXBuildFile; fileRef = 0A997A671FB2CDFF0015EC1F /* OldManListViewController.m */; };
		0A997A6C1FB2CDFF0015EC1F /* ServiceListViewController.m in Sources */ = {isa = PBXBuildFile; fileRef = 0A997A6A1FB2CDFF0015EC1F /* ServiceListViewController.m */; };
		0AD73BD51FB2A1F200256654 /* accountIconDefault@2x.png in Resources */ = {isa = PBXBuildFile; fileRef = 0AD73BBB1FB2A1F200256654 /* accountIconDefault@2x.png */; };
		0AD73BD61FB2A1F200256654 /* accountIconDefault@3x.png in Resources */ = {isa = PBXBuildFile; fileRef = 0AD73BBC1FB2A1F200256654 /* accountIconDefault@3x.png */; };
		0AD73BD71FB2A1F200256654 /* back@2x.png in Resources */ = {isa = PBXBuildFile; fileRef = 0AD73BBD1FB2A1F200256654 /* back@2x.png */; };
		0AD73BD81FB2A1F200256654 /* back@3x.png in Resources */ = {isa = PBXBuildFile; fileRef = 0AD73BBE1FB2A1F200256654 /* back@3x.png */; };
		0AD73BD91FB2A1F200256654 /* CarePlanPic@2x.png in Resources */ = {isa = PBXBuildFile; fileRef = 0AD73BBF1FB2A1F200256654 /* CarePlanPic@2x.png */; };
		0AD73BDA1FB2A1F200256654 /* CarePlanPic@3x.png in Resources */ = {isa = PBXBuildFile; fileRef = 0AD73BC01FB2A1F200256654 /* CarePlanPic@3x.png */; };
		0AD73BDB1FB2A1F200256654 /* CarePlanPic_s@2x.png in Resources */ = {isa = PBXBuildFile; fileRef = 0AD73BC11FB2A1F200256654 /* CarePlanPic_s@2x.png */; };
		0AD73BDC1FB2A1F200256654 /* CarePlanPic_s@3x.png in Resources */ = {isa = PBXBuildFile; fileRef = 0AD73BC21FB2A1F200256654 /* CarePlanPic_s@3x.png */; };
		0AD73BDD1FB2A1F200256654 /* couponCell@2x.png in Resources */ = {isa = PBXBuildFile; fileRef = 0AD73BC31FB2A1F200256654 /* couponCell@2x.png */; };
		0AD73BDE1FB2A1F200256654 /* couponCell@3x.png in Resources */ = {isa = PBXBuildFile; fileRef = 0AD73BC41FB2A1F200256654 /* couponCell@3x.png */; };
		0AD73BDF1FB2A1F200256654 /* MePicture@2x.png in Resources */ = {isa = PBXBuildFile; fileRef = 0AD73BC51FB2A1F200256654 /* MePicture@2x.png */; };
		0AD73BE01FB2A1F200256654 /* MePicture@3x.png in Resources */ = {isa = PBXBuildFile; fileRef = 0AD73BC61FB2A1F200256654 /* MePicture@3x.png */; };
		0AD73BE11FB2A1F200256654 /* MePicture_s@2x.png in Resources */ = {isa = PBXBuildFile; fileRef = 0AD73BC71FB2A1F200256654 /* MePicture_s@2x.png */; };
		0AD73BE21FB2A1F200256654 /* MePicture_s@3x.png in Resources */ = {isa = PBXBuildFile; fileRef = 0AD73BC81FB2A1F200256654 /* MePicture_s@3x.png */; };
		0AD73BE31FB2A1F200256654 /* oldAccountCell@2x.png in Resources */ = {isa = PBXBuildFile; fileRef = 0AD73BC91FB2A1F200256654 /* oldAccountCell@2x.png */; };
		0AD73BE41FB2A1F200256654 /* oldAccountCell@3x.png in Resources */ = {isa = PBXBuildFile; fileRef = 0AD73BCA1FB2A1F200256654 /* oldAccountCell@3x.png */; };
		0AD73BE51FB2A1F200256654 /* oldPic@2x.png in Resources */ = {isa = PBXBuildFile; fileRef = 0AD73BCB1FB2A1F200256654 /* oldPic@2x.png */; };
		0AD73BE61FB2A1F200256654 /* oldPic@3x.png in Resources */ = {isa = PBXBuildFile; fileRef = 0AD73BCC1FB2A1F200256654 /* oldPic@3x.png */; };
		0AD73BE71FB2A1F200256654 /* oldPic_s@2x.png in Resources */ = {isa = PBXBuildFile; fileRef = 0AD73BCD1FB2A1F200256654 /* oldPic_s@2x.png */; };
		0AD73BE81FB2A1F200256654 /* oldPic_s@3x.png in Resources */ = {isa = PBXBuildFile; fileRef = 0AD73BCE1FB2A1F200256654 /* oldPic_s@3x.png */; };
		0AD73BE91FB2A1F200256654 /* orderCell@2x.png in Resources */ = {isa = PBXBuildFile; fileRef = 0AD73BCF1FB2A1F200256654 /* orderCell@2x.png */; };
		0AD73BEA1FB2A1F200256654 /* orderCell@3x.png in Resources */ = {isa = PBXBuildFile; fileRef = 0AD73BD01FB2A1F200256654 /* orderCell@3x.png */; };
		0AD73BEB1FB2A1F200256654 /* settingCell@2x.png in Resources */ = {isa = PBXBuildFile; fileRef = 0AD73BD11FB2A1F200256654 /* settingCell@2x.png */; };
		0AD73BEC1FB2A1F200256654 /* settingCell@3x.png in Resources */ = {isa = PBXBuildFile; fileRef = 0AD73BD21FB2A1F200256654 /* settingCell@3x.png */; };
		0AD73BED1FB2A1F200256654 /* userCenterMid@2x.png in Resources */ = {isa = PBXBuildFile; fileRef = 0AD73BD31FB2A1F200256654 /* userCenterMid@2x.png */; };
		0AD73BEE1FB2A1F200256654 /* userCenterMid@3x.png in Resources */ = {isa = PBXBuildFile; fileRef = 0AD73BD41FB2A1F200256654 /* userCenterMid@3x.png */; };
		0AD73BF31FB2A39600256654 /* man@3x.png in Resources */ = {isa = PBXBuildFile; fileRef = 0AD73BEF1FB2A39500256654 /* man@3x.png */; };
		0AD73BF41FB2A39600256654 /* women@2x.png in Resources */ = {isa = PBXBuildFile; fileRef = 0AD73BF01FB2A39500256654 /* women@2x.png */; };
		0AD73BF51FB2A39600256654 /* man@2x.png in Resources */ = {isa = PBXBuildFile; fileRef = 0AD73BF11FB2A39600256654 /* man@2x.png */; };
		0AD73BF61FB2A39600256654 /* women@3x.png in Resources */ = {isa = PBXBuildFile; fileRef = 0AD73BF21FB2A39600256654 /* women@3x.png */; };
		0AD73BF91FB2B0BF00256654 /* MainViewController.m in Sources */ = {isa = PBXBuildFile; fileRef = 0AD73BF71FB2B0A300256654 /* MainViewController.m */; };
		0AD73BFD1FB2B6E400256654 /* HeaderOfMainView.m in Sources */ = {isa = PBXBuildFile; fileRef = 0AD73BFC1FB2B6E400256654 /* HeaderOfMainView.m */; };
		0AD73BFF1FB2B6F900256654 /* HeaderOfMainView.xib in Resources */ = {isa = PBXBuildFile; fileRef = 0AD73BFE1FB2B6F900256654 /* HeaderOfMainView.xib */; };
		0AD73C021FB2C0E200256654 /* UIView+NIB.m in Sources */ = {isa = PBXBuildFile; fileRef = 0AD73C001FB2C0E200256654 /* UIView+NIB.m */; };
		0AD73C041FB2C8C300256654 /* MainSubViewControllersConfig.plist in Resources */ = {isa = PBXBuildFile; fileRef = 0AD73C031FB2C8C200256654 /* MainSubViewControllersConfig.plist */; };
		0AE8BFF11FB5B3B5008C981C /* UserCenterTableViewCell.m in Sources */ = {isa = PBXBuildFile; fileRef = 0AE8BFEF1FB5B3B5008C981C /* UserCenterTableViewCell.m */; };
		0AE8BFF21FB5B3B5008C981C /* UserCenterTableViewCell.xib in Resources */ = {isa = PBXBuildFile; fileRef = 0AE8BFF01FB5B3B5008C981C /* UserCenterTableViewCell.xib */; };
		0AEC50901FB2E257009C60E4 /* carePackages@2x.png in Resources */ = {isa = PBXBuildFile; fileRef = 0AEC50881FB2E257009C60E4 /* carePackages@2x.png */; };
		0AEC50911FB2E257009C60E4 /* carePackages@3x.png in Resources */ = {isa = PBXBuildFile; fileRef = 0AEC50891FB2E257009C60E4 /* carePackages@3x.png */; };
		0AEC50921FB2E257009C60E4 /* guardians@2x.png in Resources */ = {isa = PBXBuildFile; fileRef = 0AEC508A1FB2E257009C60E4 /* guardians@2x.png */; };
		0AEC50931FB2E257009C60E4 /* guardians@3x.png in Resources */ = {isa = PBXBuildFile; fileRef = 0AEC508B1FB2E257009C60E4 /* guardians@3x.png */; };
		0AEC50941FB2E257009C60E4 /* PhysiologicalData@2x.png in Resources */ = {isa = PBXBuildFile; fileRef = 0AEC508C1FB2E257009C60E4 /* PhysiologicalData@2x.png */; };
		0AEC50951FB2E257009C60E4 /* PhysiologicalData@3x.png in Resources */ = {isa = PBXBuildFile; fileRef = 0AEC508D1FB2E257009C60E4 /* PhysiologicalData@3x.png */; };
		0AEC50961FB2E257009C60E4 /* theRemoteSupervision@2x.png in Resources */ = {isa = PBXBuildFile; fileRef = 0AEC508E1FB2E257009C60E4 /* theRemoteSupervision@2x.png */; };
		0AEC50971FB2E257009C60E4 /* theRemoteSupervision@3x.png in Resources */ = {isa = PBXBuildFile; fileRef = 0AEC508F1FB2E257009C60E4 /* theRemoteSupervision@3x.png */; };
		0AEC509B1FB2EEB8009C60E4 /* OldManListCollectionViewCell.m in Sources */ = {isa = PBXBuildFile; fileRef = 0AEC50991FB2EEB8009C60E4 /* OldManListCollectionViewCell.m */; };
		0AEC509C1FB2EEB8009C60E4 /* OldManListCollectionViewCell.xib in Resources */ = {isa = PBXBuildFile; fileRef = 0AEC509A1FB2EEB8009C60E4 /* OldManListCollectionViewCell.xib */; };
		0AEC50A51FB30057009C60E4 /* NewAdditionOldManViewController.m in Sources */ = {isa = PBXBuildFile; fileRef = 0AEC50A31FB30057009C60E4 /* NewAdditionOldManViewController.m */; };
		0AEC50AA1FB300F9009C60E4 /* CarePackagesViewController.m in Sources */ = {isa = PBXBuildFile; fileRef = 0AEC50A81FB300F9009C60E4 /* CarePackagesViewController.m */; };
		0AEC50AB1FB300F9009C60E4 /* CarePackagesViewController.xib in Resources */ = {isa = PBXBuildFile; fileRef = 0AEC50A91FB300F9009C60E4 /* CarePackagesViewController.xib */; };
		0AEC50AF1FB30120009C60E4 /* GuardiansViewController.m in Sources */ = {isa = PBXBuildFile; fileRef = 0AEC50AD1FB30120009C60E4 /* GuardiansViewController.m */; };
		0AEC50B01FB30120009C60E4 /* GuardiansViewController.xib in Resources */ = {isa = PBXBuildFile; fileRef = 0AEC50AE1FB30120009C60E4 /* GuardiansViewController.xib */; };
		0AEC50B41FB30144009C60E4 /* PhysiologicalDataViewController.m in Sources */ = {isa = PBXBuildFile; fileRef = 0AEC50B21FB30144009C60E4 /* PhysiologicalDataViewController.m */; };
		0AEC50B51FB30144009C60E4 /* PhysiologicalDataViewController.xib in Resources */ = {isa = PBXBuildFile; fileRef = 0AEC50B31FB30144009C60E4 /* PhysiologicalDataViewController.xib */; };
		0AEC50B91FB30167009C60E4 /* TheRemoteSupervisionViewController.m in Sources */ = {isa = PBXBuildFile; fileRef = 0AEC50B71FB30167009C60E4 /* TheRemoteSupervisionViewController.m */; };
		0AEC50BA1FB30167009C60E4 /* TheRemoteSupervisionViewController.xib in Resources */ = {isa = PBXBuildFile; fileRef = 0AEC50B81FB30167009C60E4 /* TheRemoteSupervisionViewController.xib */; };
		0AEC50BD1FB30705009C60E4 /* addImage@3x.png in Resources */ = {isa = PBXBuildFile; fileRef = 0AEC50BB1FB30704009C60E4 /* addImage@3x.png */; };
		0AEC50BE1FB30705009C60E4 /* addImage@2x.png in Resources */ = {isa = PBXBuildFile; fileRef = 0AEC50BC1FB30704009C60E4 /* addImage@2x.png */; };
		0AEC50C21FB30A45009C60E4 /* SearchOldManView.m in Sources */ = {isa = PBXBuildFile; fileRef = 0AEC50C11FB30A45009C60E4 /* SearchOldManView.m */; };
		0AEC50C41FB30A50009C60E4 /* SearchOldManView.xib in Resources */ = {isa = PBXBuildFile; fileRef = 0AEC50C31FB30A50009C60E4 /* SearchOldManView.xib */; };
		0AEC50C71FB30A67009C60E4 /* SearchOldManOfResultView.m in Sources */ = {isa = PBXBuildFile; fileRef = 0AEC50C61FB30A67009C60E4 /* SearchOldManOfResultView.m */; };
		0AEC50C91FB30A71009C60E4 /* SearchOldManOfResultView.xib in Resources */ = {isa = PBXBuildFile; fileRef = 0AEC50C81FB30A71009C60E4 /* SearchOldManOfResultView.xib */; };
		799B1DB21FB484AF000CB480 /* GuardiansTableViewCell.m in Sources */ = {isa = PBXBuildFile; fileRef = 799B1DB01FB484AF000CB480 /* GuardiansTableViewCell.m */; };
		799B1DB31FB484AF000CB480 /* GuardiansTableViewCell.xib in Resources */ = {isa = PBXBuildFile; fileRef = 799B1DB11FB484AF000CB480 /* GuardiansTableViewCell.xib */; };
		799B1DB71FB489DC000CB480 /* PhysiologicalDataTableViewCell.m in Sources */ = {isa = PBXBuildFile; fileRef = 799B1DB51FB489DC000CB480 /* PhysiologicalDataTableViewCell.m */; };
		799B1DB81FB489DC000CB480 /* PhysiologicalDataTableViewCell.xib in Resources */ = {isa = PBXBuildFile; fileRef = 799B1DB61FB489DC000CB480 /* PhysiologicalDataTableViewCell.xib */; };
		799B1DC51FB48FB6000CB480 /* BloodFat@2x.png in Resources */ = {isa = PBXBuildFile; fileRef = 799B1DB91FB48FB5000CB480 /* BloodFat@2x.png */; };
		799B1DC61FB48FB6000CB480 /* BloodFat@3x.png in Resources */ = {isa = PBXBuildFile; fileRef = 799B1DBA1FB48FB5000CB480 /* BloodFat@3x.png */; };
		799B1DC71FB48FB6000CB480 /* BloodPressure@2x.png in Resources */ = {isa = PBXBuildFile; fileRef = 799B1DBB1FB48FB5000CB480 /* BloodPressure@2x.png */; };
		799B1DC81FB48FB6000CB480 /* BloodPressure@3x.png in Resources */ = {isa = PBXBuildFile; fileRef = 799B1DBC1FB48FB5000CB480 /* BloodPressure@3x.png */; };
		799B1DC91FB48FB6000CB480 /* HeartRate@2x.png in Resources */ = {isa = PBXBuildFile; fileRef = 799B1DBD1FB48FB5000CB480 /* HeartRate@2x.png */; };
		799B1DCA1FB48FB6000CB480 /* BloodSugar@2x.png in Resources */ = {isa = PBXBuildFile; fileRef = 799B1DBE1FB48FB6000CB480 /* BloodSugar@2x.png */; };
		799B1DCB1FB48FB6000CB480 /* HeartRate@3x.png in Resources */ = {isa = PBXBuildFile; fileRef = 799B1DBF1FB48FB6000CB480 /* HeartRate@3x.png */; };
		799B1DCC1FB48FB6000CB480 /* BloodSugar@3x.png in Resources */ = {isa = PBXBuildFile; fileRef = 799B1DC01FB48FB6000CB480 /* BloodSugar@3x.png */; };
		799B1DCD1FB48FB6000CB480 /* BodyTemperature@2x.png in Resources */ = {isa = PBXBuildFile; fileRef = 799B1DC11FB48FB6000CB480 /* BodyTemperature@2x.png */; };
		799B1DCE1FB48FB6000CB480 /* BodyTemperature@3x.png in Resources */ = {isa = PBXBuildFile; fileRef = 799B1DC21FB48FB6000CB480 /* BodyTemperature@3x.png */; };
		799B1DCF1FB48FB6000CB480 /* weight@2x.png in Resources */ = {isa = PBXBuildFile; fileRef = 799B1DC31FB48FB6000CB480 /* weight@2x.png */; };
		799B1DD01FB48FB6000CB480 /* weight@3x.png in Resources */ = {isa = PBXBuildFile; fileRef = 799B1DC41FB48FB6000CB480 /* weight@3x.png */; };
		799B1DD31FB492E6000CB480 /* PhysiologicalDataTableViewHeader.m in Sources */ = {isa = PBXBuildFile; fileRef = 799B1DD21FB492E6000CB480 /* PhysiologicalDataTableViewHeader.m */; };
		C3108E8C1FA9AC0D0087C473 /* VVConfig.m in Sources */ = {isa = PBXBuildFile; fileRef = C3108E8A1FA9AC0D0087C473 /* VVConfig.m */; };
		C3108E8F1FA9AC780087C473 /* VVGlobalDefine.m in Sources */ = {isa = PBXBuildFile; fileRef = C3108E8E1FA9AC780087C473 /* VVGlobalDefine.m */; };
		C3108E921FA9AEE60087C473 /* OrderCenterViewController.m in Sources */ = {isa = PBXBuildFile; fileRef = C3108E911FA9AEE60087C473 /* OrderCenterViewController.m */; };
		C3108E951FA9AEFB0087C473 /* OldAccountViewController.m in Sources */ = {isa = PBXBuildFile; fileRef = C3108E941FA9AEFB0087C473 /* OldAccountViewController.m */; };
		C3108E981FA9AF0C0087C473 /* MyCounponViewController.m in Sources */ = {isa = PBXBuildFile; fileRef = C3108E971FA9AF0C0087C473 /* MyCounponViewController.m */; };
		C3108E9B1FA9AF1C0087C473 /* SettingViewController.m in Sources */ = {isa = PBXBuildFile; fileRef = C3108E9A1FA9AF1C0087C473 /* SettingViewController.m */; };
		C3108E9E1FA9C35A0087C473 /* UserManager.m in Sources */ = {isa = PBXBuildFile; fileRef = C3108E9D1FA9C35A0087C473 /* UserManager.m */; };
		C3108EE11FA9D94F0087C473 /* PageTurningView.m in Sources */ = {isa = PBXBuildFile; fileRef = C3108EE01FA9D94F0087C473 /* PageTurningView.m */; };
		C398DA3A1FAC5EE300D0BED9 /* ChangePwdViewController.m in Sources */ = {isa = PBXBuildFile; fileRef = C398DA391FAC5EE300D0BED9 /* ChangePwdViewController.m */; };
		C398DA3D1FAC62F000D0BED9 /* ChangeIphoneViewController.m in Sources */ = {isa = PBXBuildFile; fileRef = C398DA3C1FAC62F000D0BED9 /* ChangeIphoneViewController.m */; };
		C398DA401FAC62F900D0BED9 /* ShiMingViewController.m in Sources */ = {isa = PBXBuildFile; fileRef = C398DA3F1FAC62F900D0BED9 /* ShiMingViewController.m */; };
		C398DA661FB29BFB00D0BED9 /* AFHTTPSessionManager.m in Sources */ = {isa = PBXBuildFile; fileRef = C398DA5A1FB29BFB00D0BED9 /* AFHTTPSessionManager.m */; };
		C398DA671FB29BFB00D0BED9 /* AFNetworkReachabilityManager.m in Sources */ = {isa = PBXBuildFile; fileRef = C398DA5D1FB29BFB00D0BED9 /* AFNetworkReachabilityManager.m */; };
		C398DA681FB29BFB00D0BED9 /* AFSecurityPolicy.m in Sources */ = {isa = PBXBuildFile; fileRef = C398DA5F1FB29BFB00D0BED9 /* AFSecurityPolicy.m */; };
		C398DA691FB29BFB00D0BED9 /* AFURLRequestSerialization.m in Sources */ = {isa = PBXBuildFile; fileRef = C398DA611FB29BFB00D0BED9 /* AFURLRequestSerialization.m */; };
		C398DA6A1FB29BFB00D0BED9 /* AFURLResponseSerialization.m in Sources */ = {isa = PBXBuildFile; fileRef = C398DA631FB29BFB00D0BED9 /* AFURLResponseSerialization.m */; };
		C398DA6B1FB29BFB00D0BED9 /* AFURLSessionManager.m in Sources */ = {isa = PBXBuildFile; fileRef = C398DA651FB29BFB00D0BED9 /* AFURLSessionManager.m */; };
		C398DA6F1FB29D1300D0BED9 /* VFNetAPIClient.m in Sources */ = {isa = PBXBuildFile; fileRef = C398DA6E1FB29D1300D0BED9 /* VFNetAPIClient.m */; };
		C398DA721FB29D4600D0BED9 /* DataInterface.m in Sources */ = {isa = PBXBuildFile; fileRef = C398DA701FB29D4600D0BED9 /* DataInterface.m */; };
		C398DA791FB2AE6A00D0BED9 /* NBLMessage.m in Sources */ = {isa = PBXBuildFile; fileRef = C398DA751FB2AE6A00D0BED9 /* NBLMessage.m */; };
		C398DA7A1FB2AE6B00D0BED9 /* NBLWebViewController.m in Sources */ = {isa = PBXBuildFile; fileRef = C398DA771FB2AE6A00D0BED9 /* NBLWebViewController.m */; };
		C3B23CAF1FAAB27A00D78E5C /* CommanSwitchBar.m in Sources */ = {isa = PBXBuildFile; fileRef = C3B23CAE1FAAB27A00D78E5C /* CommanSwitchBar.m */; };
		C3B23CB81FAABA2600D78E5C /* UIImage+RoundedCorner.m in Sources */ = {isa = PBXBuildFile; fileRef = C3B23CB51FAABA2600D78E5C /* UIImage+RoundedCorner.m */; };
		C3B23CB91FAABA2600D78E5C /* UIView+RoundedCorner.m in Sources */ = {isa = PBXBuildFile; fileRef = C3B23CB71FAABA2600D78E5C /* UIView+RoundedCorner.m */; };
		C3B23CCC1FAB02BB00D78E5C /* ForgetPwdOneViewController.m in Sources */ = {isa = PBXBuildFile; fileRef = C3B23CC01FAB02BB00D78E5C /* ForgetPwdOneViewController.m */; };
		C3B23CCD1FAB02BB00D78E5C /* ForgetPwdTwoViewController.m in Sources */ = {isa = PBXBuildFile; fileRef = C3B23CC21FAB02BB00D78E5C /* ForgetPwdTwoViewController.m */; };
		C3B23CCE1FAB02BB00D78E5C /* LoginNoPwdViewController.m in Sources */ = {isa = PBXBuildFile; fileRef = C3B23CC41FAB02BB00D78E5C /* LoginNoPwdViewController.m */; };
		C3B23CCF1FAB02BB00D78E5C /* LoginPwdViewController.m in Sources */ = {isa = PBXBuildFile; fileRef = C3B23CC61FAB02BB00D78E5C /* LoginPwdViewController.m */; };
		C3B23CD01FAB02BB00D78E5C /* LoginSubViewControllersConfig.plist in Resources */ = {isa = PBXBuildFile; fileRef = C3B23CC71FAB02BB00D78E5C /* LoginSubViewControllersConfig.plist */; };
		C3B23CD11FAB02BB00D78E5C /* LoginViewController.m in Sources */ = {isa = PBXBuildFile; fileRef = C3B23CC91FAB02BB00D78E5C /* LoginViewController.m */; };
		C3B23CD21FAB02BB00D78E5C /* RegisterViewController.m in Sources */ = {isa = PBXBuildFile; fileRef = C3B23CCB1FAB02BB00D78E5C /* RegisterViewController.m */; };
		C3B23CD61FAB031000D78E5C /* UserCenterViewController.m in Sources */ = {isa = PBXBuildFile; fileRef = C3B23CD51FAB031000D78E5C /* UserCenterViewController.m */; };
		C3DE8D331FA6CCA1007CE853 /* AppDelegate.m in Sources */ = {isa = PBXBuildFile; fileRef = C3DE8D321FA6CCA1007CE853 /* AppDelegate.m */; };
		C3DE8D3B1FA6CCA1007CE853 /* Assets.xcassets in Resources */ = {isa = PBXBuildFile; fileRef = C3DE8D3A1FA6CCA1007CE853 /* Assets.xcassets */; };
		C3DE8D411FA6CCA1007CE853 /* main.m in Sources */ = {isa = PBXBuildFile; fileRef = C3DE8D401FA6CCA1007CE853 /* main.m */; };
		C3DE8D671FA6D0BA007CE853 /* JOBadgeView.m in Sources */ = {isa = PBXBuildFile; fileRef = C3DE8D5B1FA6D0BA007CE853 /* JOBadgeView.m */; settings = {COMPILER_FLAGS = "-fno-objc-arc"; }; };
		C3DE8D681FA6D0BA007CE853 /* UIView+Badge.m in Sources */ = {isa = PBXBuildFile; fileRef = C3DE8D5D1FA6D0BA007CE853 /* UIView+Badge.m */; settings = {COMPILER_FLAGS = "-fno-objc-arc"; }; };
		C3DE8D691FA6D0BA007CE853 /* LeveyTabBar.m in Sources */ = {isa = PBXBuildFile; fileRef = C3DE8D601FA6D0BA007CE853 /* LeveyTabBar.m */; settings = {COMPILER_FLAGS = "-fno-objc-arc"; }; };
		C3DE8D6A1FA6D0BA007CE853 /* LeveyTabBarController.m in Sources */ = {isa = PBXBuildFile; fileRef = C3DE8D621FA6D0BA007CE853 /* LeveyTabBarController.m */; settings = {COMPILER_FLAGS = "-fno-objc-arc"; }; };
		C3DE8D6B1FA6D0BA007CE853 /* TabButton.m in Sources */ = {isa = PBXBuildFile; fileRef = C3DE8D641FA6D0BA007CE853 /* TabButton.m */; };
		C3DE8D6C1FA6D0BA007CE853 /* UIBadgeView.m in Sources */ = {isa = PBXBuildFile; fileRef = C3DE8D661FA6D0BA007CE853 /* UIBadgeView.m */; settings = {COMPILER_FLAGS = "-fno-objc-arc"; }; };
		C3DE8D6F1FA6D1DA007CE853 /* CustomNavigationController.m in Sources */ = {isa = PBXBuildFile; fileRef = C3DE8D6D1FA6D1DA007CE853 /* CustomNavigationController.m */; };
		C3DE8D721FA6D27D007CE853 /* CarePlanViewController.m in Sources */ = {isa = PBXBuildFile; fileRef = C3DE8D711FA6D27D007CE853 /* CarePlanViewController.m */; };
		C3DE8D751FA6D284007CE853 /* MeViewController.m in Sources */ = {isa = PBXBuildFile; fileRef = C3DE8D741FA6D283007CE853 /* MeViewController.m */; };
/* End PBXBuildFile section */

/* Begin PBXFileReference section */
		0A997A661FB2CDFF0015EC1F /* OldManListViewController.h */ = {isa = PBXFileReference; fileEncoding = 4; lastKnownFileType = sourcecode.c.h; path = OldManListViewController.h; sourceTree = "<group>"; };
		0A997A671FB2CDFF0015EC1F /* OldManListViewController.m */ = {isa = PBXFileReference; fileEncoding = 4; lastKnownFileType = sourcecode.c.objc; path = OldManListViewController.m; sourceTree = "<group>"; };
		0A997A691FB2CDFF0015EC1F /* ServiceListViewController.h */ = {isa = PBXFileReference; fileEncoding = 4; lastKnownFileType = sourcecode.c.h; path = ServiceListViewController.h; sourceTree = "<group>"; };
		0A997A6A1FB2CDFF0015EC1F /* ServiceListViewController.m */ = {isa = PBXFileReference; fileEncoding = 4; lastKnownFileType = sourcecode.c.objc; path = ServiceListViewController.m; sourceTree = "<group>"; };
		0AD73BB51FB29EEE00256654 /* MainViewController.h */ = {isa = PBXFileReference; lastKnownFileType = sourcecode.c.h; path = MainViewController.h; sourceTree = "<group>"; };
		0AD73BBB1FB2A1F200256654 /* accountIconDefault@2x.png */ = {isa = PBXFileReference; lastKnownFileType = image.png; path = "accountIconDefault@2x.png"; sourceTree = "<group>"; };
		0AD73BBC1FB2A1F200256654 /* accountIconDefault@3x.png */ = {isa = PBXFileReference; lastKnownFileType = image.png; path = "accountIconDefault@3x.png"; sourceTree = "<group>"; };
		0AD73BBD1FB2A1F200256654 /* back@2x.png */ = {isa = PBXFileReference; lastKnownFileType = image.png; path = "back@2x.png"; sourceTree = "<group>"; };
		0AD73BBE1FB2A1F200256654 /* back@3x.png */ = {isa = PBXFileReference; lastKnownFileType = image.png; path = "back@3x.png"; sourceTree = "<group>"; };
		0AD73BBF1FB2A1F200256654 /* CarePlanPic@2x.png */ = {isa = PBXFileReference; lastKnownFileType = image.png; path = "CarePlanPic@2x.png"; sourceTree = "<group>"; };
		0AD73BC01FB2A1F200256654 /* CarePlanPic@3x.png */ = {isa = PBXFileReference; lastKnownFileType = image.png; path = "CarePlanPic@3x.png"; sourceTree = "<group>"; };
		0AD73BC11FB2A1F200256654 /* CarePlanPic_s@2x.png */ = {isa = PBXFileReference; lastKnownFileType = image.png; path = "CarePlanPic_s@2x.png"; sourceTree = "<group>"; };
		0AD73BC21FB2A1F200256654 /* CarePlanPic_s@3x.png */ = {isa = PBXFileReference; lastKnownFileType = image.png; path = "CarePlanPic_s@3x.png"; sourceTree = "<group>"; };
		0AD73BC31FB2A1F200256654 /* couponCell@2x.png */ = {isa = PBXFileReference; lastKnownFileType = image.png; path = "couponCell@2x.png"; sourceTree = "<group>"; };
		0AD73BC41FB2A1F200256654 /* couponCell@3x.png */ = {isa = PBXFileReference; lastKnownFileType = image.png; path = "couponCell@3x.png"; sourceTree = "<group>"; };
		0AD73BC51FB2A1F200256654 /* MePicture@2x.png */ = {isa = PBXFileReference; lastKnownFileType = image.png; path = "MePicture@2x.png"; sourceTree = "<group>"; };
		0AD73BC61FB2A1F200256654 /* MePicture@3x.png */ = {isa = PBXFileReference; lastKnownFileType = image.png; path = "MePicture@3x.png"; sourceTree = "<group>"; };
		0AD73BC71FB2A1F200256654 /* MePicture_s@2x.png */ = {isa = PBXFileReference; lastKnownFileType = image.png; path = "MePicture_s@2x.png"; sourceTree = "<group>"; };
		0AD73BC81FB2A1F200256654 /* MePicture_s@3x.png */ = {isa = PBXFileReference; lastKnownFileType = image.png; path = "MePicture_s@3x.png"; sourceTree = "<group>"; };
		0AD73BC91FB2A1F200256654 /* oldAccountCell@2x.png */ = {isa = PBXFileReference; lastKnownFileType = image.png; path = "oldAccountCell@2x.png"; sourceTree = "<group>"; };
		0AD73BCA1FB2A1F200256654 /* oldAccountCell@3x.png */ = {isa = PBXFileReference; lastKnownFileType = image.png; path = "oldAccountCell@3x.png"; sourceTree = "<group>"; };
		0AD73BCB1FB2A1F200256654 /* oldPic@2x.png */ = {isa = PBXFileReference; lastKnownFileType = image.png; path = "oldPic@2x.png"; sourceTree = "<group>"; };
		0AD73BCC1FB2A1F200256654 /* oldPic@3x.png */ = {isa = PBXFileReference; lastKnownFileType = image.png; path = "oldPic@3x.png"; sourceTree = "<group>"; };
		0AD73BCD1FB2A1F200256654 /* oldPic_s@2x.png */ = {isa = PBXFileReference; lastKnownFileType = image.png; path = "oldPic_s@2x.png"; sourceTree = "<group>"; };
		0AD73BCE1FB2A1F200256654 /* oldPic_s@3x.png */ = {isa = PBXFileReference; lastKnownFileType = image.png; path = "oldPic_s@3x.png"; sourceTree = "<group>"; };
		0AD73BCF1FB2A1F200256654 /* orderCell@2x.png */ = {isa = PBXFileReference; lastKnownFileType = image.png; path = "orderCell@2x.png"; sourceTree = "<group>"; };
		0AD73BD01FB2A1F200256654 /* orderCell@3x.png */ = {isa = PBXFileReference; lastKnownFileType = image.png; path = "orderCell@3x.png"; sourceTree = "<group>"; };
		0AD73BD11FB2A1F200256654 /* settingCell@2x.png */ = {isa = PBXFileReference; lastKnownFileType = image.png; path = "settingCell@2x.png"; sourceTree = "<group>"; };
		0AD73BD21FB2A1F200256654 /* settingCell@3x.png */ = {isa = PBXFileReference; lastKnownFileType = image.png; path = "settingCell@3x.png"; sourceTree = "<group>"; };
		0AD73BD31FB2A1F200256654 /* userCenterMid@2x.png */ = {isa = PBXFileReference; lastKnownFileType = image.png; path = "userCenterMid@2x.png"; sourceTree = "<group>"; };
		0AD73BD41FB2A1F200256654 /* userCenterMid@3x.png */ = {isa = PBXFileReference; lastKnownFileType = image.png; path = "userCenterMid@3x.png"; sourceTree = "<group>"; };
		0AD73BEF1FB2A39500256654 /* man@3x.png */ = {isa = PBXFileReference; lastKnownFileType = image.png; path = "man@3x.png"; sourceTree = "<group>"; };
		0AD73BF01FB2A39500256654 /* women@2x.png */ = {isa = PBXFileReference; lastKnownFileType = image.png; path = "women@2x.png"; sourceTree = "<group>"; };
		0AD73BF11FB2A39600256654 /* man@2x.png */ = {isa = PBXFileReference; lastKnownFileType = image.png; path = "man@2x.png"; sourceTree = "<group>"; };
		0AD73BF21FB2A39600256654 /* women@3x.png */ = {isa = PBXFileReference; lastKnownFileType = image.png; path = "women@3x.png"; sourceTree = "<group>"; };
		0AD73BF71FB2B0A300256654 /* MainViewController.m */ = {isa = PBXFileReference; fileEncoding = 4; lastKnownFileType = sourcecode.c.objc; path = MainViewController.m; sourceTree = "<group>"; };
		0AD73BFB1FB2B6E400256654 /* HeaderOfMainView.h */ = {isa = PBXFileReference; lastKnownFileType = sourcecode.c.h; path = HeaderOfMainView.h; sourceTree = "<group>"; };
		0AD73BFC1FB2B6E400256654 /* HeaderOfMainView.m */ = {isa = PBXFileReference; lastKnownFileType = sourcecode.c.objc; path = HeaderOfMainView.m; sourceTree = "<group>"; };
		0AD73BFE1FB2B6F900256654 /* HeaderOfMainView.xib */ = {isa = PBXFileReference; lastKnownFileType = file.xib; path = HeaderOfMainView.xib; sourceTree = "<group>"; };
		0AD73C001FB2C0E200256654 /* UIView+NIB.m */ = {isa = PBXFileReference; lastKnownFileType = sourcecode.c.objc; path = "UIView+NIB.m"; sourceTree = "<group>"; };
		0AD73C011FB2C0E200256654 /* UIView+NIB.h */ = {isa = PBXFileReference; lastKnownFileType = sourcecode.c.h; path = "UIView+NIB.h"; sourceTree = "<group>"; };
		0AD73C031FB2C8C200256654 /* MainSubViewControllersConfig.plist */ = {isa = PBXFileReference; fileEncoding = 4; lastKnownFileType = text.plist.xml; path = MainSubViewControllersConfig.plist; sourceTree = "<group>"; };
		0AE8BFEE1FB5B3B5008C981C /* UserCenterTableViewCell.h */ = {isa = PBXFileReference; lastKnownFileType = sourcecode.c.h; path = UserCenterTableViewCell.h; sourceTree = "<group>"; };
		0AE8BFEF1FB5B3B5008C981C /* UserCenterTableViewCell.m */ = {isa = PBXFileReference; lastKnownFileType = sourcecode.c.objc; path = UserCenterTableViewCell.m; sourceTree = "<group>"; };
		0AE8BFF01FB5B3B5008C981C /* UserCenterTableViewCell.xib */ = {isa = PBXFileReference; lastKnownFileType = file.xib; path = UserCenterTableViewCell.xib; sourceTree = "<group>"; };
		0AEC50881FB2E257009C60E4 /* carePackages@2x.png */ = {isa = PBXFileReference; lastKnownFileType = image.png; path = "carePackages@2x.png"; sourceTree = "<group>"; };
		0AEC50891FB2E257009C60E4 /* carePackages@3x.png */ = {isa = PBXFileReference; lastKnownFileType = image.png; path = "carePackages@3x.png"; sourceTree = "<group>"; };
		0AEC508A1FB2E257009C60E4 /* guardians@2x.png */ = {isa = PBXFileReference; lastKnownFileType = image.png; path = "guardians@2x.png"; sourceTree = "<group>"; };
		0AEC508B1FB2E257009C60E4 /* guardians@3x.png */ = {isa = PBXFileReference; lastKnownFileType = image.png; path = "guardians@3x.png"; sourceTree = "<group>"; };
		0AEC508C1FB2E257009C60E4 /* PhysiologicalData@2x.png */ = {isa = PBXFileReference; lastKnownFileType = image.png; path = "PhysiologicalData@2x.png"; sourceTree = "<group>"; };
		0AEC508D1FB2E257009C60E4 /* PhysiologicalData@3x.png */ = {isa = PBXFileReference; lastKnownFileType = image.png; path = "PhysiologicalData@3x.png"; sourceTree = "<group>"; };
		0AEC508E1FB2E257009C60E4 /* theRemoteSupervision@2x.png */ = {isa = PBXFileReference; lastKnownFileType = image.png; path = "theRemoteSupervision@2x.png"; sourceTree = "<group>"; };
		0AEC508F1FB2E257009C60E4 /* theRemoteSupervision@3x.png */ = {isa = PBXFileReference; lastKnownFileType = image.png; path = "theRemoteSupervision@3x.png"; sourceTree = "<group>"; };
		0AEC50981FB2EEB8009C60E4 /* OldManListCollectionViewCell.h */ = {isa = PBXFileReference; lastKnownFileType = sourcecode.c.h; path = OldManListCollectionViewCell.h; sourceTree = "<group>"; };
		0AEC50991FB2EEB8009C60E4 /* OldManListCollectionViewCell.m */ = {isa = PBXFileReference; lastKnownFileType = sourcecode.c.objc; path = OldManListCollectionViewCell.m; sourceTree = "<group>"; };
		0AEC509A1FB2EEB8009C60E4 /* OldManListCollectionViewCell.xib */ = {isa = PBXFileReference; lastKnownFileType = file.xib; path = OldManListCollectionViewCell.xib; sourceTree = "<group>"; };
		0AEC50A21FB30057009C60E4 /* NewAdditionOldManViewController.h */ = {isa = PBXFileReference; lastKnownFileType = sourcecode.c.h; path = NewAdditionOldManViewController.h; sourceTree = "<group>"; };
		0AEC50A31FB30057009C60E4 /* NewAdditionOldManViewController.m */ = {isa = PBXFileReference; lastKnownFileType = sourcecode.c.objc; path = NewAdditionOldManViewController.m; sourceTree = "<group>"; };
		0AEC50A71FB300F9009C60E4 /* CarePackagesViewController.h */ = {isa = PBXFileReference; lastKnownFileType = sourcecode.c.h; path = CarePackagesViewController.h; sourceTree = "<group>"; };
		0AEC50A81FB300F9009C60E4 /* CarePackagesViewController.m */ = {isa = PBXFileReference; lastKnownFileType = sourcecode.c.objc; path = CarePackagesViewController.m; sourceTree = "<group>"; };
		0AEC50A91FB300F9009C60E4 /* CarePackagesViewController.xib */ = {isa = PBXFileReference; lastKnownFileType = file.xib; path = CarePackagesViewController.xib; sourceTree = "<group>"; };
		0AEC50AC1FB30120009C60E4 /* GuardiansViewController.h */ = {isa = PBXFileReference; lastKnownFileType = sourcecode.c.h; path = GuardiansViewController.h; sourceTree = "<group>"; };
		0AEC50AD1FB30120009C60E4 /* GuardiansViewController.m */ = {isa = PBXFileReference; lastKnownFileType = sourcecode.c.objc; path = GuardiansViewController.m; sourceTree = "<group>"; };
		0AEC50AE1FB30120009C60E4 /* GuardiansViewController.xib */ = {isa = PBXFileReference; lastKnownFileType = file.xib; path = GuardiansViewController.xib; sourceTree = "<group>"; };
		0AEC50B11FB30144009C60E4 /* PhysiologicalDataViewController.h */ = {isa = PBXFileReference; lastKnownFileType = sourcecode.c.h; path = PhysiologicalDataViewController.h; sourceTree = "<group>"; };
		0AEC50B21FB30144009C60E4 /* PhysiologicalDataViewController.m */ = {isa = PBXFileReference; lastKnownFileType = sourcecode.c.objc; path = PhysiologicalDataViewController.m; sourceTree = "<group>"; };
		0AEC50B31FB30144009C60E4 /* PhysiologicalDataViewController.xib */ = {isa = PBXFileReference; lastKnownFileType = file.xib; path = PhysiologicalDataViewController.xib; sourceTree = "<group>"; };
		0AEC50B61FB30167009C60E4 /* TheRemoteSupervisionViewController.h */ = {isa = PBXFileReference; lastKnownFileType = sourcecode.c.h; path = TheRemoteSupervisionViewController.h; sourceTree = "<group>"; };
		0AEC50B71FB30167009C60E4 /* TheRemoteSupervisionViewController.m */ = {isa = PBXFileReference; lastKnownFileType = sourcecode.c.objc; path = TheRemoteSupervisionViewController.m; sourceTree = "<group>"; };
		0AEC50B81FB30167009C60E4 /* TheRemoteSupervisionViewController.xib */ = {isa = PBXFileReference; lastKnownFileType = file.xib; path = TheRemoteSupervisionViewController.xib; sourceTree = "<group>"; };
		0AEC50BB1FB30704009C60E4 /* addImage@3x.png */ = {isa = PBXFileReference; lastKnownFileType = image.png; path = "addImage@3x.png"; sourceTree = "<group>"; };
		0AEC50BC1FB30704009C60E4 /* addImage@2x.png */ = {isa = PBXFileReference; lastKnownFileType = image.png; path = "addImage@2x.png"; sourceTree = "<group>"; };
		0AEC50C01FB30A45009C60E4 /* SearchOldManView.h */ = {isa = PBXFileReference; lastKnownFileType = sourcecode.c.h; path = SearchOldManView.h; sourceTree = "<group>"; };
		0AEC50C11FB30A45009C60E4 /* SearchOldManView.m */ = {isa = PBXFileReference; lastKnownFileType = sourcecode.c.objc; path = SearchOldManView.m; sourceTree = "<group>"; };
		0AEC50C31FB30A50009C60E4 /* SearchOldManView.xib */ = {isa = PBXFileReference; lastKnownFileType = file.xib; path = SearchOldManView.xib; sourceTree = "<group>"; };
		0AEC50C51FB30A67009C60E4 /* SearchOldManOfResultView.h */ = {isa = PBXFileReference; lastKnownFileType = sourcecode.c.h; path = SearchOldManOfResultView.h; sourceTree = "<group>"; };
		0AEC50C61FB30A67009C60E4 /* SearchOldManOfResultView.m */ = {isa = PBXFileReference; lastKnownFileType = sourcecode.c.objc; path = SearchOldManOfResultView.m; sourceTree = "<group>"; };
		0AEC50C81FB30A71009C60E4 /* SearchOldManOfResultView.xib */ = {isa = PBXFileReference; lastKnownFileType = file.xib; path = SearchOldManOfResultView.xib; sourceTree = "<group>"; };
		799B1DAF1FB484AF000CB480 /* GuardiansTableViewCell.h */ = {isa = PBXFileReference; lastKnownFileType = sourcecode.c.h; path = GuardiansTableViewCell.h; sourceTree = "<group>"; };
		799B1DB01FB484AF000CB480 /* GuardiansTableViewCell.m */ = {isa = PBXFileReference; lastKnownFileType = sourcecode.c.objc; path = GuardiansTableViewCell.m; sourceTree = "<group>"; };
		799B1DB11FB484AF000CB480 /* GuardiansTableViewCell.xib */ = {isa = PBXFileReference; lastKnownFileType = file.xib; path = GuardiansTableViewCell.xib; sourceTree = "<group>"; };
		799B1DB41FB489DC000CB480 /* PhysiologicalDataTableViewCell.h */ = {isa = PBXFileReference; lastKnownFileType = sourcecode.c.h; path = PhysiologicalDataTableViewCell.h; sourceTree = "<group>"; };
		799B1DB51FB489DC000CB480 /* PhysiologicalDataTableViewCell.m */ = {isa = PBXFileReference; lastKnownFileType = sourcecode.c.objc; path = PhysiologicalDataTableViewCell.m; sourceTree = "<group>"; };
		799B1DB61FB489DC000CB480 /* PhysiologicalDataTableViewCell.xib */ = {isa = PBXFileReference; lastKnownFileType = file.xib; path = PhysiologicalDataTableViewCell.xib; sourceTree = "<group>"; };
		799B1DB91FB48FB5000CB480 /* BloodFat@2x.png */ = {isa = PBXFileReference; lastKnownFileType = image.png; path = "BloodFat@2x.png"; sourceTree = "<group>"; };
		799B1DBA1FB48FB5000CB480 /* BloodFat@3x.png */ = {isa = PBXFileReference; lastKnownFileType = image.png; path = "BloodFat@3x.png"; sourceTree = "<group>"; };
		799B1DBB1FB48FB5000CB480 /* BloodPressure@2x.png */ = {isa = PBXFileReference; lastKnownFileType = image.png; path = "BloodPressure@2x.png"; sourceTree = "<group>"; };
		799B1DBC1FB48FB5000CB480 /* BloodPressure@3x.png */ = {isa = PBXFileReference; lastKnownFileType = image.png; path = "BloodPressure@3x.png"; sourceTree = "<group>"; };
		799B1DBD1FB48FB5000CB480 /* HeartRate@2x.png */ = {isa = PBXFileReference; lastKnownFileType = image.png; path = "HeartRate@2x.png"; sourceTree = "<group>"; };
		799B1DBE1FB48FB6000CB480 /* BloodSugar@2x.png */ = {isa = PBXFileReference; lastKnownFileType = image.png; path = "BloodSugar@2x.png"; sourceTree = "<group>"; };
		799B1DBF1FB48FB6000CB480 /* HeartRate@3x.png */ = {isa = PBXFileReference; lastKnownFileType = image.png; path = "HeartRate@3x.png"; sourceTree = "<group>"; };
		799B1DC01FB48FB6000CB480 /* BloodSugar@3x.png */ = {isa = PBXFileReference; lastKnownFileType = image.png; path = "BloodSugar@3x.png"; sourceTree = "<group>"; };
		799B1DC11FB48FB6000CB480 /* BodyTemperature@2x.png */ = {isa = PBXFileReference; lastKnownFileType = image.png; path = "BodyTemperature@2x.png"; sourceTree = "<group>"; };
		799B1DC21FB48FB6000CB480 /* BodyTemperature@3x.png */ = {isa = PBXFileReference; lastKnownFileType = image.png; path = "BodyTemperature@3x.png"; sourceTree = "<group>"; };
		799B1DC31FB48FB6000CB480 /* weight@2x.png */ = {isa = PBXFileReference; lastKnownFileType = image.png; path = "weight@2x.png"; sourceTree = "<group>"; };
		799B1DC41FB48FB6000CB480 /* weight@3x.png */ = {isa = PBXFileReference; lastKnownFileType = image.png; path = "weight@3x.png"; sourceTree = "<group>"; };
		799B1DD11FB492E6000CB480 /* PhysiologicalDataTableViewHeader.h */ = {isa = PBXFileReference; lastKnownFileType = sourcecode.c.h; path = PhysiologicalDataTableViewHeader.h; sourceTree = "<group>"; };
		799B1DD21FB492E6000CB480 /* PhysiologicalDataTableViewHeader.m */ = {isa = PBXFileReference; lastKnownFileType = sourcecode.c.objc; path = PhysiologicalDataTableViewHeader.m; sourceTree = "<group>"; };
		C3108E8A1FA9AC0D0087C473 /* VVConfig.m */ = {isa = PBXFileReference; fileEncoding = 4; lastKnownFileType = sourcecode.c.objc; path = VVConfig.m; sourceTree = "<group>"; };
		C3108E8B1FA9AC0D0087C473 /* VVConfig.h */ = {isa = PBXFileReference; fileEncoding = 4; lastKnownFileType = sourcecode.c.h; path = VVConfig.h; sourceTree = "<group>"; };
		C3108E8D1FA9AC780087C473 /* VVGlobalDefine.h */ = {isa = PBXFileReference; fileEncoding = 4; lastKnownFileType = sourcecode.c.h; path = VVGlobalDefine.h; sourceTree = "<group>"; };
		C3108E8E1FA9AC780087C473 /* VVGlobalDefine.m */ = {isa = PBXFileReference; fileEncoding = 4; lastKnownFileType = sourcecode.c.objc; path = VVGlobalDefine.m; sourceTree = "<group>"; };
		C3108E901FA9AEE60087C473 /* OrderCenterViewController.h */ = {isa = PBXFileReference; lastKnownFileType = sourcecode.c.h; path = OrderCenterViewController.h; sourceTree = "<group>"; };
		C3108E911FA9AEE60087C473 /* OrderCenterViewController.m */ = {isa = PBXFileReference; lastKnownFileType = sourcecode.c.objc; path = OrderCenterViewController.m; sourceTree = "<group>"; };
		C3108E931FA9AEFB0087C473 /* OldAccountViewController.h */ = {isa = PBXFileReference; lastKnownFileType = sourcecode.c.h; path = OldAccountViewController.h; sourceTree = "<group>"; };
		C3108E941FA9AEFB0087C473 /* OldAccountViewController.m */ = {isa = PBXFileReference; lastKnownFileType = sourcecode.c.objc; path = OldAccountViewController.m; sourceTree = "<group>"; };
		C3108E961FA9AF0C0087C473 /* MyCounponViewController.h */ = {isa = PBXFileReference; lastKnownFileType = sourcecode.c.h; path = MyCounponViewController.h; sourceTree = "<group>"; };
		C3108E971FA9AF0C0087C473 /* MyCounponViewController.m */ = {isa = PBXFileReference; lastKnownFileType = sourcecode.c.objc; path = MyCounponViewController.m; sourceTree = "<group>"; };
		C3108E991FA9AF1C0087C473 /* SettingViewController.h */ = {isa = PBXFileReference; lastKnownFileType = sourcecode.c.h; path = SettingViewController.h; sourceTree = "<group>"; };
		C3108E9A1FA9AF1C0087C473 /* SettingViewController.m */ = {isa = PBXFileReference; lastKnownFileType = sourcecode.c.objc; path = SettingViewController.m; sourceTree = "<group>"; };
		C3108E9C1FA9C35A0087C473 /* UserManager.h */ = {isa = PBXFileReference; lastKnownFileType = sourcecode.c.h; path = UserManager.h; sourceTree = "<group>"; };
		C3108E9D1FA9C35A0087C473 /* UserManager.m */ = {isa = PBXFileReference; lastKnownFileType = sourcecode.c.objc; path = UserManager.m; sourceTree = "<group>"; };
		C3108EDF1FA9D94F0087C473 /* PageTurningView.h */ = {isa = PBXFileReference; fileEncoding = 4; lastKnownFileType = sourcecode.c.h; path = PageTurningView.h; sourceTree = "<group>"; };
		C3108EE01FA9D94F0087C473 /* PageTurningView.m */ = {isa = PBXFileReference; fileEncoding = 4; lastKnownFileType = sourcecode.c.objc; path = PageTurningView.m; sourceTree = "<group>"; };
		C398DA381FAC5EE300D0BED9 /* ChangePwdViewController.h */ = {isa = PBXFileReference; lastKnownFileType = sourcecode.c.h; path = ChangePwdViewController.h; sourceTree = "<group>"; };
		C398DA391FAC5EE300D0BED9 /* ChangePwdViewController.m */ = {isa = PBXFileReference; lastKnownFileType = sourcecode.c.objc; path = ChangePwdViewController.m; sourceTree = "<group>"; };
		C398DA3B1FAC62F000D0BED9 /* ChangeIphoneViewController.h */ = {isa = PBXFileReference; lastKnownFileType = sourcecode.c.h; path = ChangeIphoneViewController.h; sourceTree = "<group>"; };
		C398DA3C1FAC62F000D0BED9 /* ChangeIphoneViewController.m */ = {isa = PBXFileReference; lastKnownFileType = sourcecode.c.objc; path = ChangeIphoneViewController.m; sourceTree = "<group>"; };
		C398DA3E1FAC62F900D0BED9 /* ShiMingViewController.h */ = {isa = PBXFileReference; lastKnownFileType = sourcecode.c.h; path = ShiMingViewController.h; sourceTree = "<group>"; };
		C398DA3F1FAC62F900D0BED9 /* ShiMingViewController.m */ = {isa = PBXFileReference; lastKnownFileType = sourcecode.c.objc; path = ShiMingViewController.m; sourceTree = "<group>"; };
		C398DA591FB29BFB00D0BED9 /* AFHTTPSessionManager.h */ = {isa = PBXFileReference; fileEncoding = 4; lastKnownFileType = sourcecode.c.h; path = AFHTTPSessionManager.h; sourceTree = "<group>"; };
		C398DA5A1FB29BFB00D0BED9 /* AFHTTPSessionManager.m */ = {isa = PBXFileReference; fileEncoding = 4; lastKnownFileType = sourcecode.c.objc; path = AFHTTPSessionManager.m; sourceTree = "<group>"; };
		C398DA5B1FB29BFB00D0BED9 /* AFNetworking.h */ = {isa = PBXFileReference; fileEncoding = 4; lastKnownFileType = sourcecode.c.h; path = AFNetworking.h; sourceTree = "<group>"; };
		C398DA5C1FB29BFB00D0BED9 /* AFNetworkReachabilityManager.h */ = {isa = PBXFileReference; fileEncoding = 4; lastKnownFileType = sourcecode.c.h; path = AFNetworkReachabilityManager.h; sourceTree = "<group>"; };
		C398DA5D1FB29BFB00D0BED9 /* AFNetworkReachabilityManager.m */ = {isa = PBXFileReference; fileEncoding = 4; lastKnownFileType = sourcecode.c.objc; path = AFNetworkReachabilityManager.m; sourceTree = "<group>"; };
		C398DA5E1FB29BFB00D0BED9 /* AFSecurityPolicy.h */ = {isa = PBXFileReference; fileEncoding = 4; lastKnownFileType = sourcecode.c.h; path = AFSecurityPolicy.h; sourceTree = "<group>"; };
		C398DA5F1FB29BFB00D0BED9 /* AFSecurityPolicy.m */ = {isa = PBXFileReference; fileEncoding = 4; lastKnownFileType = sourcecode.c.objc; path = AFSecurityPolicy.m; sourceTree = "<group>"; };
		C398DA601FB29BFB00D0BED9 /* AFURLRequestSerialization.h */ = {isa = PBXFileReference; fileEncoding = 4; lastKnownFileType = sourcecode.c.h; path = AFURLRequestSerialization.h; sourceTree = "<group>"; };
		C398DA611FB29BFB00D0BED9 /* AFURLRequestSerialization.m */ = {isa = PBXFileReference; fileEncoding = 4; lastKnownFileType = sourcecode.c.objc; path = AFURLRequestSerialization.m; sourceTree = "<group>"; };
		C398DA621FB29BFB00D0BED9 /* AFURLResponseSerialization.h */ = {isa = PBXFileReference; fileEncoding = 4; lastKnownFileType = sourcecode.c.h; path = AFURLResponseSerialization.h; sourceTree = "<group>"; };
		C398DA631FB29BFB00D0BED9 /* AFURLResponseSerialization.m */ = {isa = PBXFileReference; fileEncoding = 4; lastKnownFileType = sourcecode.c.objc; path = AFURLResponseSerialization.m; sourceTree = "<group>"; };
		C398DA641FB29BFB00D0BED9 /* AFURLSessionManager.h */ = {isa = PBXFileReference; fileEncoding = 4; lastKnownFileType = sourcecode.c.h; path = AFURLSessionManager.h; sourceTree = "<group>"; };
		C398DA651FB29BFB00D0BED9 /* AFURLSessionManager.m */ = {isa = PBXFileReference; fileEncoding = 4; lastKnownFileType = sourcecode.c.objc; path = AFURLSessionManager.m; sourceTree = "<group>"; };
		C398DA6D1FB29D1300D0BED9 /* VFNetAPIClient.h */ = {isa = PBXFileReference; fileEncoding = 4; lastKnownFileType = sourcecode.c.h; path = VFNetAPIClient.h; sourceTree = "<group>"; };
		C398DA6E1FB29D1300D0BED9 /* VFNetAPIClient.m */ = {isa = PBXFileReference; fileEncoding = 4; lastKnownFileType = sourcecode.c.objc; path = VFNetAPIClient.m; sourceTree = "<group>"; };
		C398DA701FB29D4600D0BED9 /* DataInterface.m */ = {isa = PBXFileReference; fileEncoding = 4; lastKnownFileType = sourcecode.c.objc; path = DataInterface.m; sourceTree = "<group>"; };
		C398DA711FB29D4600D0BED9 /* DataInterface.h */ = {isa = PBXFileReference; fileEncoding = 4; lastKnownFileType = sourcecode.c.h; path = DataInterface.h; sourceTree = "<group>"; };
		C398DA741FB2AE6A00D0BED9 /* NBLMessage.h */ = {isa = PBXFileReference; fileEncoding = 4; lastKnownFileType = sourcecode.c.h; path = NBLMessage.h; sourceTree = "<group>"; };
		C398DA751FB2AE6A00D0BED9 /* NBLMessage.m */ = {isa = PBXFileReference; fileEncoding = 4; lastKnownFileType = sourcecode.c.objc; path = NBLMessage.m; sourceTree = "<group>"; };
		C398DA761FB2AE6A00D0BED9 /* NBLWebViewController.h */ = {isa = PBXFileReference; fileEncoding = 4; lastKnownFileType = sourcecode.c.h; path = NBLWebViewController.h; sourceTree = "<group>"; };
		C398DA771FB2AE6A00D0BED9 /* NBLWebViewController.m */ = {isa = PBXFileReference; fileEncoding = 4; lastKnownFileType = sourcecode.c.objc; path = NBLWebViewController.m; sourceTree = "<group>"; };
		C398DA781FB2AE6A00D0BED9 /* NBLWebViewHeader.h */ = {isa = PBXFileReference; fileEncoding = 4; lastKnownFileType = sourcecode.c.h; path = NBLWebViewHeader.h; sourceTree = "<group>"; };
		C3B23CAD1FAAB27A00D78E5C /* CommanSwitchBar.h */ = {isa = PBXFileReference; fileEncoding = 4; lastKnownFileType = sourcecode.c.h; path = CommanSwitchBar.h; sourceTree = "<group>"; };
		C3B23CAE1FAAB27A00D78E5C /* CommanSwitchBar.m */ = {isa = PBXFileReference; fileEncoding = 4; lastKnownFileType = sourcecode.c.objc; path = CommanSwitchBar.m; sourceTree = "<group>"; };
		C3B23CB41FAABA2600D78E5C /* UIImage+RoundedCorner.h */ = {isa = PBXFileReference; fileEncoding = 4; lastKnownFileType = sourcecode.c.h; path = "UIImage+RoundedCorner.h"; sourceTree = "<group>"; };
		C3B23CB51FAABA2600D78E5C /* UIImage+RoundedCorner.m */ = {isa = PBXFileReference; fileEncoding = 4; lastKnownFileType = sourcecode.c.objc; path = "UIImage+RoundedCorner.m"; sourceTree = "<group>"; };
		C3B23CB61FAABA2600D78E5C /* UIView+RoundedCorner.h */ = {isa = PBXFileReference; fileEncoding = 4; lastKnownFileType = sourcecode.c.h; path = "UIView+RoundedCorner.h"; sourceTree = "<group>"; };
		C3B23CB71FAABA2600D78E5C /* UIView+RoundedCorner.m */ = {isa = PBXFileReference; fileEncoding = 4; lastKnownFileType = sourcecode.c.objc; path = "UIView+RoundedCorner.m"; sourceTree = "<group>"; };
		C3B23CBF1FAB02BB00D78E5C /* ForgetPwdOneViewController.h */ = {isa = PBXFileReference; fileEncoding = 4; lastKnownFileType = sourcecode.c.h; path = ForgetPwdOneViewController.h; sourceTree = "<group>"; };
		C3B23CC01FAB02BB00D78E5C /* ForgetPwdOneViewController.m */ = {isa = PBXFileReference; fileEncoding = 4; lastKnownFileType = sourcecode.c.objc; path = ForgetPwdOneViewController.m; sourceTree = "<group>"; };
		C3B23CC11FAB02BB00D78E5C /* ForgetPwdTwoViewController.h */ = {isa = PBXFileReference; fileEncoding = 4; lastKnownFileType = sourcecode.c.h; path = ForgetPwdTwoViewController.h; sourceTree = "<group>"; };
		C3B23CC21FAB02BB00D78E5C /* ForgetPwdTwoViewController.m */ = {isa = PBXFileReference; fileEncoding = 4; lastKnownFileType = sourcecode.c.objc; path = ForgetPwdTwoViewController.m; sourceTree = "<group>"; };
		C3B23CC31FAB02BB00D78E5C /* LoginNoPwdViewController.h */ = {isa = PBXFileReference; fileEncoding = 4; lastKnownFileType = sourcecode.c.h; path = LoginNoPwdViewController.h; sourceTree = "<group>"; };
		C3B23CC41FAB02BB00D78E5C /* LoginNoPwdViewController.m */ = {isa = PBXFileReference; fileEncoding = 4; lastKnownFileType = sourcecode.c.objc; path = LoginNoPwdViewController.m; sourceTree = "<group>"; };
		C3B23CC51FAB02BB00D78E5C /* LoginPwdViewController.h */ = {isa = PBXFileReference; fileEncoding = 4; lastKnownFileType = sourcecode.c.h; path = LoginPwdViewController.h; sourceTree = "<group>"; };
		C3B23CC61FAB02BB00D78E5C /* LoginPwdViewController.m */ = {isa = PBXFileReference; fileEncoding = 4; lastKnownFileType = sourcecode.c.objc; path = LoginPwdViewController.m; sourceTree = "<group>"; };
		C3B23CC71FAB02BB00D78E5C /* LoginSubViewControllersConfig.plist */ = {isa = PBXFileReference; fileEncoding = 4; lastKnownFileType = text.plist.xml; path = LoginSubViewControllersConfig.plist; sourceTree = "<group>"; };
		C3B23CC81FAB02BB00D78E5C /* LoginViewController.h */ = {isa = PBXFileReference; fileEncoding = 4; lastKnownFileType = sourcecode.c.h; path = LoginViewController.h; sourceTree = "<group>"; };
		C3B23CC91FAB02BB00D78E5C /* LoginViewController.m */ = {isa = PBXFileReference; fileEncoding = 4; lastKnownFileType = sourcecode.c.objc; path = LoginViewController.m; sourceTree = "<group>"; };
		C3B23CCA1FAB02BB00D78E5C /* RegisterViewController.h */ = {isa = PBXFileReference; fileEncoding = 4; lastKnownFileType = sourcecode.c.h; path = RegisterViewController.h; sourceTree = "<group>"; };
		C3B23CCB1FAB02BB00D78E5C /* RegisterViewController.m */ = {isa = PBXFileReference; fileEncoding = 4; lastKnownFileType = sourcecode.c.objc; path = RegisterViewController.m; sourceTree = "<group>"; };
		C3B23CD41FAB031000D78E5C /* UserCenterViewController.h */ = {isa = PBXFileReference; lastKnownFileType = sourcecode.c.h; path = UserCenterViewController.h; sourceTree = "<group>"; };
		C3B23CD51FAB031000D78E5C /* UserCenterViewController.m */ = {isa = PBXFileReference; lastKnownFileType = sourcecode.c.objc; path = UserCenterViewController.m; sourceTree = "<group>"; };
		C3DE8D2E1FA6CCA1007CE853 /* theOld.app */ = {isa = PBXFileReference; explicitFileType = wrapper.application; includeInIndex = 0; path = theOld.app; sourceTree = BUILT_PRODUCTS_DIR; };
		C3DE8D311FA6CCA1007CE853 /* AppDelegate.h */ = {isa = PBXFileReference; lastKnownFileType = sourcecode.c.h; path = AppDelegate.h; sourceTree = "<group>"; };
		C3DE8D321FA6CCA1007CE853 /* AppDelegate.m */ = {isa = PBXFileReference; lastKnownFileType = sourcecode.c.objc; path = AppDelegate.m; sourceTree = "<group>"; };
		C3DE8D3A1FA6CCA1007CE853 /* Assets.xcassets */ = {isa = PBXFileReference; lastKnownFileType = folder.assetcatalog; path = Assets.xcassets; sourceTree = "<group>"; };
		C3DE8D3F1FA6CCA1007CE853 /* Info.plist */ = {isa = PBXFileReference; lastKnownFileType = text.plist.xml; path = Info.plist; sourceTree = "<group>"; };
		C3DE8D401FA6CCA1007CE853 /* main.m */ = {isa = PBXFileReference; lastKnownFileType = sourcecode.c.objc; path = main.m; sourceTree = "<group>"; };
		C3DE8D481FA6CE0D007CE853 /* vvDefine.h */ = {isa = PBXFileReference; fileEncoding = 4; lastKnownFileType = sourcecode.c.h; path = vvDefine.h; sourceTree = "<group>"; };
		C3DE8D4F1FA6CF8A007CE853 /* theOld-Prefix.pch */ = {isa = PBXFileReference; fileEncoding = 4; lastKnownFileType = sourcecode.c.h; path = "theOld-Prefix.pch"; sourceTree = "<group>"; };
		C3DE8D5A1FA6D0BA007CE853 /* JOBadgeView.h */ = {isa = PBXFileReference; fileEncoding = 4; lastKnownFileType = sourcecode.c.h; path = JOBadgeView.h; sourceTree = "<group>"; };
		C3DE8D5B1FA6D0BA007CE853 /* JOBadgeView.m */ = {isa = PBXFileReference; fileEncoding = 4; lastKnownFileType = sourcecode.c.objc; path = JOBadgeView.m; sourceTree = "<group>"; };
		C3DE8D5C1FA6D0BA007CE853 /* UIView+Badge.h */ = {isa = PBXFileReference; fileEncoding = 4; lastKnownFileType = sourcecode.c.h; path = "UIView+Badge.h"; sourceTree = "<group>"; };
		C3DE8D5D1FA6D0BA007CE853 /* UIView+Badge.m */ = {isa = PBXFileReference; fileEncoding = 4; lastKnownFileType = sourcecode.c.objc; path = "UIView+Badge.m"; sourceTree = "<group>"; };
		C3DE8D5F1FA6D0BA007CE853 /* LeveyTabBar.h */ = {isa = PBXFileReference; fileEncoding = 4; lastKnownFileType = sourcecode.c.h; path = LeveyTabBar.h; sourceTree = "<group>"; };
		C3DE8D601FA6D0BA007CE853 /* LeveyTabBar.m */ = {isa = PBXFileReference; fileEncoding = 4; lastKnownFileType = sourcecode.c.objc; path = LeveyTabBar.m; sourceTree = "<group>"; };
		C3DE8D611FA6D0BA007CE853 /* LeveyTabBarController.h */ = {isa = PBXFileReference; fileEncoding = 4; lastKnownFileType = sourcecode.c.h; path = LeveyTabBarController.h; sourceTree = "<group>"; };
		C3DE8D621FA6D0BA007CE853 /* LeveyTabBarController.m */ = {isa = PBXFileReference; fileEncoding = 4; lastKnownFileType = sourcecode.c.objc; path = LeveyTabBarController.m; sourceTree = "<group>"; };
		C3DE8D631FA6D0BA007CE853 /* TabButton.h */ = {isa = PBXFileReference; fileEncoding = 4; lastKnownFileType = sourcecode.c.h; path = TabButton.h; sourceTree = "<group>"; };
		C3DE8D641FA6D0BA007CE853 /* TabButton.m */ = {isa = PBXFileReference; fileEncoding = 4; lastKnownFileType = sourcecode.c.objc; path = TabButton.m; sourceTree = "<group>"; };
		C3DE8D651FA6D0BA007CE853 /* UIBadgeView.h */ = {isa = PBXFileReference; fileEncoding = 4; lastKnownFileType = sourcecode.c.h; path = UIBadgeView.h; sourceTree = "<group>"; };
		C3DE8D661FA6D0BA007CE853 /* UIBadgeView.m */ = {isa = PBXFileReference; fileEncoding = 4; lastKnownFileType = sourcecode.c.objc; path = UIBadgeView.m; sourceTree = "<group>"; };
		C3DE8D6D1FA6D1DA007CE853 /* CustomNavigationController.m */ = {isa = PBXFileReference; fileEncoding = 4; lastKnownFileType = sourcecode.c.objc; path = CustomNavigationController.m; sourceTree = "<group>"; };
		C3DE8D6E1FA6D1DA007CE853 /* CustomNavigationController.h */ = {isa = PBXFileReference; fileEncoding = 4; lastKnownFileType = sourcecode.c.h; path = CustomNavigationController.h; sourceTree = "<group>"; };
		C3DE8D701FA6D27D007CE853 /* CarePlanViewController.h */ = {isa = PBXFileReference; fileEncoding = 4; lastKnownFileType = sourcecode.c.h; path = CarePlanViewController.h; sourceTree = "<group>"; };
		C3DE8D711FA6D27D007CE853 /* CarePlanViewController.m */ = {isa = PBXFileReference; fileEncoding = 4; lastKnownFileType = sourcecode.c.objc; path = CarePlanViewController.m; sourceTree = "<group>"; };
		C3DE8D731FA6D283007CE853 /* MeViewController.h */ = {isa = PBXFileReference; fileEncoding = 4; lastKnownFileType = sourcecode.c.h; path = MeViewController.h; sourceTree = "<group>"; };
		C3DE8D741FA6D283007CE853 /* MeViewController.m */ = {isa = PBXFileReference; fileEncoding = 4; lastKnownFileType = sourcecode.c.objc; path = MeViewController.m; sourceTree = "<group>"; };
/* End PBXFileReference section */

/* Begin PBXFrameworksBuildPhase section */
		C3DE8D2B1FA6CCA1007CE853 /* Frameworks */ = {
			isa = PBXFrameworksBuildPhase;
			buildActionMask = 2147483647;
			files = (
			);
			runOnlyForDeploymentPostprocessing = 0;
		};
/* End PBXFrameworksBuildPhase section */

/* Begin PBXGroup section */
		0A997A651FB2CDFF0015EC1F /* OldManView */ = {
			isa = PBXGroup;
			children = (
				0AEC50BF1FB30A09009C60E4 /* NewAddOldMan */,
				0A997A661FB2CDFF0015EC1F /* OldManListViewController.h */,
				0A997A671FB2CDFF0015EC1F /* OldManListViewController.m */,
				0AEC50981FB2EEB8009C60E4 /* OldManListCollectionViewCell.h */,
				0AEC50991FB2EEB8009C60E4 /* OldManListCollectionViewCell.m */,
				0AEC509A1FB2EEB8009C60E4 /* OldManListCollectionViewCell.xib */,
				0AEC50A21FB30057009C60E4 /* NewAdditionOldManViewController.h */,
				0AEC50A31FB30057009C60E4 /* NewAdditionOldManViewController.m */,
			);
			path = OldManView;
			sourceTree = "<group>";
		};
		0A997A681FB2CDFF0015EC1F /* ServiceView */ = {
			isa = PBXGroup;
			children = (
				799B1DAE1FB4846F000CB480 /* viewOfService */,
				0A997A691FB2CDFF0015EC1F /* ServiceListViewController.h */,
				0A997A6A1FB2CDFF0015EC1F /* ServiceListViewController.m */,
				0AEC50A71FB300F9009C60E4 /* CarePackagesViewController.h */,
				0AEC50A81FB300F9009C60E4 /* CarePackagesViewController.m */,
				0AEC50A91FB300F9009C60E4 /* CarePackagesViewController.xib */,
				0AEC50AC1FB30120009C60E4 /* GuardiansViewController.h */,
				0AEC50AD1FB30120009C60E4 /* GuardiansViewController.m */,
				0AEC50AE1FB30120009C60E4 /* GuardiansViewController.xib */,
				0AEC50B11FB30144009C60E4 /* PhysiologicalDataViewController.h */,
				0AEC50B21FB30144009C60E4 /* PhysiologicalDataViewController.m */,
				0AEC50B31FB30144009C60E4 /* PhysiologicalDataViewController.xib */,
				0AEC50B61FB30167009C60E4 /* TheRemoteSupervisionViewController.h */,
				0AEC50B71FB30167009C60E4 /* TheRemoteSupervisionViewController.m */,
				0AEC50B81FB30167009C60E4 /* TheRemoteSupervisionViewController.xib */,
			);
			path = ServiceView;
			sourceTree = "<group>";
		};
		0AD73BBA1FB2A1F200256654 /* Resourse */ = {
			isa = PBXGroup;
			children = (
				0AEC50871FB2E257009C60E4 /* MainImage */,
				0AD73BF11FB2A39600256654 /* man@2x.png */,
				0AD73BEF1FB2A39500256654 /* man@3x.png */,
				0AD73BF01FB2A39500256654 /* women@2x.png */,
				0AD73BF21FB2A39600256654 /* women@3x.png */,
				0AD73BBB1FB2A1F200256654 /* accountIconDefault@2x.png */,
				0AD73BBC1FB2A1F200256654 /* accountIconDefault@3x.png */,
				0AD73BBD1FB2A1F200256654 /* back@2x.png */,
				0AD73BBE1FB2A1F200256654 /* back@3x.png */,
				0AD73BBF1FB2A1F200256654 /* CarePlanPic@2x.png */,
				0AD73BC01FB2A1F200256654 /* CarePlanPic@3x.png */,
				0AD73BC11FB2A1F200256654 /* CarePlanPic_s@2x.png */,
				0AD73BC21FB2A1F200256654 /* CarePlanPic_s@3x.png */,
				0AD73BC31FB2A1F200256654 /* couponCell@2x.png */,
				0AD73BC41FB2A1F200256654 /* couponCell@3x.png */,
				0AD73BC51FB2A1F200256654 /* MePicture@2x.png */,
				0AD73BC61FB2A1F200256654 /* MePicture@3x.png */,
				0AD73BC71FB2A1F200256654 /* MePicture_s@2x.png */,
				0AD73BC81FB2A1F200256654 /* MePicture_s@3x.png */,
				0AD73BC91FB2A1F200256654 /* oldAccountCell@2x.png */,
				0AD73BCA1FB2A1F200256654 /* oldAccountCell@3x.png */,
				0AD73BCB1FB2A1F200256654 /* oldPic@2x.png */,
				0AD73BCC1FB2A1F200256654 /* oldPic@3x.png */,
				0AD73BCD1FB2A1F200256654 /* oldPic_s@2x.png */,
				0AD73BCE1FB2A1F200256654 /* oldPic_s@3x.png */,
				0AD73BCF1FB2A1F200256654 /* orderCell@2x.png */,
				0AD73BD01FB2A1F200256654 /* orderCell@3x.png */,
				0AD73BD11FB2A1F200256654 /* settingCell@2x.png */,
				0AD73BD21FB2A1F200256654 /* settingCell@3x.png */,
				0AD73BD31FB2A1F200256654 /* userCenterMid@2x.png */,
				0AD73BD41FB2A1F200256654 /* userCenterMid@3x.png */,
			);
			path = Resourse;
			sourceTree = "<group>";
		};
		0AD73BFA1FB2B60F00256654 /* View */ = {
			isa = PBXGroup;
			children = (
				0AD73BFB1FB2B6E400256654 /* HeaderOfMainView.h */,
				0AD73BFC1FB2B6E400256654 /* HeaderOfMainView.m */,
				0AD73BFE1FB2B6F900256654 /* HeaderOfMainView.xib */,
			);
			path = View;
			sourceTree = "<group>";
		};
		0AEC50871FB2E257009C60E4 /* MainImage */ = {
			isa = PBXGroup;
			children = (
				799B1DB91FB48FB5000CB480 /* BloodFat@2x.png */,
				799B1DBA1FB48FB5000CB480 /* BloodFat@3x.png */,
				799B1DBB1FB48FB5000CB480 /* BloodPressure@2x.png */,
				799B1DBC1FB48FB5000CB480 /* BloodPressure@3x.png */,
				799B1DBE1FB48FB6000CB480 /* BloodSugar@2x.png */,
				799B1DC01FB48FB6000CB480 /* BloodSugar@3x.png */,
				799B1DC11FB48FB6000CB480 /* BodyTemperature@2x.png */,
				799B1DC21FB48FB6000CB480 /* BodyTemperature@3x.png */,
				799B1DBD1FB48FB5000CB480 /* HeartRate@2x.png */,
				799B1DBF1FB48FB6000CB480 /* HeartRate@3x.png */,
				799B1DC31FB48FB6000CB480 /* weight@2x.png */,
				799B1DC41FB48FB6000CB480 /* weight@3x.png */,
				0AEC50BC1FB30704009C60E4 /* addImage@2x.png */,
				0AEC50BB1FB30704009C60E4 /* addImage@3x.png */,
				0AEC50881FB2E257009C60E4 /* carePackages@2x.png */,
				0AEC50891FB2E257009C60E4 /* carePackages@3x.png */,
				0AEC508A1FB2E257009C60E4 /* guardians@2x.png */,
				0AEC508B1FB2E257009C60E4 /* guardians@3x.png */,
				0AEC508C1FB2E257009C60E4 /* PhysiologicalData@2x.png */,
				0AEC508D1FB2E257009C60E4 /* PhysiologicalData@3x.png */,
				0AEC508E1FB2E257009C60E4 /* theRemoteSupervision@2x.png */,
				0AEC508F1FB2E257009C60E4 /* theRemoteSupervision@3x.png */,
			);
			path = MainImage;
			sourceTree = "<group>";
		};
		0AEC50BF1FB30A09009C60E4 /* NewAddOldMan */ = {
			isa = PBXGroup;
			children = (
				0AEC50C01FB30A45009C60E4 /* SearchOldManView.h */,
				0AEC50C11FB30A45009C60E4 /* SearchOldManView.m */,
				0AEC50C31FB30A50009C60E4 /* SearchOldManView.xib */,
				0AEC50C51FB30A67009C60E4 /* SearchOldManOfResultView.h */,
				0AEC50C61FB30A67009C60E4 /* SearchOldManOfResultView.m */,
				0AEC50C81FB30A71009C60E4 /* SearchOldManOfResultView.xib */,
			);
			path = NewAddOldMan;
			sourceTree = "<group>";
		};
		799B1DAE1FB4846F000CB480 /* viewOfService */ = {
			isa = PBXGroup;
			children = (
				799B1DAF1FB484AF000CB480 /* GuardiansTableViewCell.h */,
				799B1DB01FB484AF000CB480 /* GuardiansTableViewCell.m */,
				799B1DB11FB484AF000CB480 /* GuardiansTableViewCell.xib */,
				799B1DB41FB489DC000CB480 /* PhysiologicalDataTableViewCell.h */,
				799B1DB51FB489DC000CB480 /* PhysiologicalDataTableViewCell.m */,
				799B1DB61FB489DC000CB480 /* PhysiologicalDataTableViewCell.xib */,
				799B1DD11FB492E6000CB480 /* PhysiologicalDataTableViewHeader.h */,
				799B1DD21FB492E6000CB480 /* PhysiologicalDataTableViewHeader.m */,
			);
			path = viewOfService;
			sourceTree = "<group>";
		};
		C3108E891FA9AC030087C473 /* InitModel */ = {
			isa = PBXGroup;
			children = (
				C3108E8B1FA9AC0D0087C473 /* VVConfig.h */,
				C3108E8A1FA9AC0D0087C473 /* VVConfig.m */,
				C3108E9C1FA9C35A0087C473 /* UserManager.h */,
				C3108E9D1FA9C35A0087C473 /* UserManager.m */,
			);
			path = InitModel;
			sourceTree = "<group>";
		};
		C398DA581FB29BFB00D0BED9 /* AFNetworking */ = {
			isa = PBXGroup;
			children = (
				C398DA591FB29BFB00D0BED9 /* AFHTTPSessionManager.h */,
				C398DA5A1FB29BFB00D0BED9 /* AFHTTPSessionManager.m */,
				C398DA5B1FB29BFB00D0BED9 /* AFNetworking.h */,
				C398DA5C1FB29BFB00D0BED9 /* AFNetworkReachabilityManager.h */,
				C398DA5D1FB29BFB00D0BED9 /* AFNetworkReachabilityManager.m */,
				C398DA5E1FB29BFB00D0BED9 /* AFSecurityPolicy.h */,
				C398DA5F1FB29BFB00D0BED9 /* AFSecurityPolicy.m */,
				C398DA601FB29BFB00D0BED9 /* AFURLRequestSerialization.h */,
				C398DA611FB29BFB00D0BED9 /* AFURLRequestSerialization.m */,
				C398DA621FB29BFB00D0BED9 /* AFURLResponseSerialization.h */,
				C398DA631FB29BFB00D0BED9 /* AFURLResponseSerialization.m */,
				C398DA641FB29BFB00D0BED9 /* AFURLSessionManager.h */,
				C398DA651FB29BFB00D0BED9 /* AFURLSessionManager.m */,
			);
			path = AFNetworking;
			sourceTree = "<group>";
		};
		C398DA6C1FB29D0600D0BED9 /* Interface */ = {
			isa = PBXGroup;
			children = (
				C398DA6D1FB29D1300D0BED9 /* VFNetAPIClient.h */,
				C398DA6E1FB29D1300D0BED9 /* VFNetAPIClient.m */,
				C398DA711FB29D4600D0BED9 /* DataInterface.h */,
				C398DA701FB29D4600D0BED9 /* DataInterface.m */,
			);
			path = Interface;
			sourceTree = "<group>";
		};
		C398DA731FB2AE6A00D0BED9 /* NBLWebView */ = {
			isa = PBXGroup;
			children = (
				C398DA741FB2AE6A00D0BED9 /* NBLMessage.h */,
				C398DA751FB2AE6A00D0BED9 /* NBLMessage.m */,
				C398DA761FB2AE6A00D0BED9 /* NBLWebViewController.h */,
				C398DA771FB2AE6A00D0BED9 /* NBLWebViewController.m */,
				C398DA781FB2AE6A00D0BED9 /* NBLWebViewHeader.h */,
			);
			path = NBLWebView;
			sourceTree = "<group>";
		};
		C3B23CB21FAABA0A00D78E5C /* ThirdPartLib */ = {
			isa = PBXGroup;
			children = (
				C398DA731FB2AE6A00D0BED9 /* NBLWebView */,
				C398DA581FB29BFB00D0BED9 /* AFNetworking */,
				C3B23CB31FAABA2600D78E5C /* JMRoundedCorner */,
			);
			path = ThirdPartLib;
			sourceTree = "<group>";
		};
		C3B23CB31FAABA2600D78E5C /* JMRoundedCorner */ = {
			isa = PBXGroup;
			children = (
				C3B23CB41FAABA2600D78E5C /* UIImage+RoundedCorner.h */,
				C3B23CB51FAABA2600D78E5C /* UIImage+RoundedCorner.m */,
				C3B23CB61FAABA2600D78E5C /* UIView+RoundedCorner.h */,
				C3B23CB71FAABA2600D78E5C /* UIView+RoundedCorner.m */,
			);
			path = JMRoundedCorner;
			sourceTree = "<group>";
		};
		C3B23CBE1FAB02BB00D78E5C /* LoginAndRegister */ = {
			isa = PBXGroup;
			children = (
				C3B23CC71FAB02BB00D78E5C /* LoginSubViewControllersConfig.plist */,
				C3B23CC81FAB02BB00D78E5C /* LoginViewController.h */,
				C3B23CC91FAB02BB00D78E5C /* LoginViewController.m */,
				C3B23CC51FAB02BB00D78E5C /* LoginPwdViewController.h */,
				C3B23CC61FAB02BB00D78E5C /* LoginPwdViewController.m */,
				C3B23CC31FAB02BB00D78E5C /* LoginNoPwdViewController.h */,
				C3B23CC41FAB02BB00D78E5C /* LoginNoPwdViewController.m */,
				C3B23CCA1FAB02BB00D78E5C /* RegisterViewController.h */,
				C3B23CCB1FAB02BB00D78E5C /* RegisterViewController.m */,
				C3B23CBF1FAB02BB00D78E5C /* ForgetPwdOneViewController.h */,
				C3B23CC01FAB02BB00D78E5C /* ForgetPwdOneViewController.m */,
				C3B23CC11FAB02BB00D78E5C /* ForgetPwdTwoViewController.h */,
				C3B23CC21FAB02BB00D78E5C /* ForgetPwdTwoViewController.m */,
			);
			path = LoginAndRegister;
			sourceTree = "<group>";
		};
		C3B23CD31FAB02C200D78E5C /* UserCenter */ = {
			isa = PBXGroup;
			children = (
				C3B23CD41FAB031000D78E5C /* UserCenterViewController.h */,
				C3B23CD51FAB031000D78E5C /* UserCenterViewController.m */,
				0AE8BFEE1FB5B3B5008C981C /* UserCenterTableViewCell.h */,
				0AE8BFEF1FB5B3B5008C981C /* UserCenterTableViewCell.m */,
				0AE8BFF01FB5B3B5008C981C /* UserCenterTableViewCell.xib */,
				C398DA381FAC5EE300D0BED9 /* ChangePwdViewController.h */,
				C398DA391FAC5EE300D0BED9 /* ChangePwdViewController.m */,
				C398DA3B1FAC62F000D0BED9 /* ChangeIphoneViewController.h */,
				C398DA3C1FAC62F000D0BED9 /* ChangeIphoneViewController.m */,
				C398DA3E1FAC62F900D0BED9 /* ShiMingViewController.h */,
				C398DA3F1FAC62F900D0BED9 /* ShiMingViewController.m */,
			);
			path = UserCenter;
			sourceTree = "<group>";
		};
		C3DE8D251FA6CCA1007CE853 = {
			isa = PBXGroup;
			children = (
				C3DE8D301FA6CCA1007CE853 /* theOld */,
				C3DE8D2F1FA6CCA1007CE853 /* Products */,
			);
			sourceTree = "<group>";
		};
		C3DE8D2F1FA6CCA1007CE853 /* Products */ = {
			isa = PBXGroup;
			children = (
				C3DE8D2E1FA6CCA1007CE853 /* theOld.app */,
			);
			name = Products;
			sourceTree = "<group>";
		};
		C3DE8D301FA6CCA1007CE853 /* theOld */ = {
			isa = PBXGroup;
			children = (
				C398DA6C1FB29D0600D0BED9 /* Interface */,
				0AD73BBA1FB2A1F200256654 /* Resourse */,
				C3DE8D501FA6D08E007CE853 /* UI */,
				C3DE8D571FA6D0BA007CE853 /* CustomView */,
				C3DE8D471FA6CE0D007CE853 /* vvDefine */,
				C3108E891FA9AC030087C473 /* InitModel */,
				C3DE8D311FA6CCA1007CE853 /* AppDelegate.h */,
				C3DE8D321FA6CCA1007CE853 /* AppDelegate.m */,
				C3DE8D4F1FA6CF8A007CE853 /* theOld-Prefix.pch */,
				C3B23CB21FAABA0A00D78E5C /* ThirdPartLib */,
				C3DE8D3A1FA6CCA1007CE853 /* Assets.xcassets */,
				C3DE8D3F1FA6CCA1007CE853 /* Info.plist */,
				C3DE8D401FA6CCA1007CE853 /* main.m */,
			);
			path = theOld;
			sourceTree = "<group>";
		};
		C3DE8D471FA6CE0D007CE853 /* vvDefine */ = {
			isa = PBXGroup;
			children = (
				C3DE8D481FA6CE0D007CE853 /* vvDefine.h */,
				C3108E8D1FA9AC780087C473 /* VVGlobalDefine.h */,
				C3108E8E1FA9AC780087C473 /* VVGlobalDefine.m */,
			);
			path = vvDefine;
			sourceTree = "<group>";
		};
		C3DE8D501FA6D08E007CE853 /* UI */ = {
			isa = PBXGroup;
			children = (
				C3DE8D6E1FA6D1DA007CE853 /* CustomNavigationController.h */,
				C3DE8D6D1FA6D1DA007CE853 /* CustomNavigationController.m */,
				C3DE8D521FA6D08E007CE853 /* Main */,
				C3DE8D511FA6D08E007CE853 /* CarePlan */,
				C3DE8D551FA6D08E007CE853 /* Me */,
			);
			path = UI;
			sourceTree = "<group>";
		};
		C3DE8D511FA6D08E007CE853 /* CarePlan */ = {
			isa = PBXGroup;
			children = (
				C3DE8D701FA6D27D007CE853 /* CarePlanViewController.h */,
				C3DE8D711FA6D27D007CE853 /* CarePlanViewController.m */,
			);
			path = CarePlan;
			sourceTree = "<group>";
		};
		C3DE8D521FA6D08E007CE853 /* Main */ = {
			isa = PBXGroup;
			children = (
				0A997A651FB2CDFF0015EC1F /* OldManView */,
				0A997A681FB2CDFF0015EC1F /* ServiceView */,
				0AD73BFA1FB2B60F00256654 /* View */,
				0AD73BB51FB29EEE00256654 /* MainViewController.h */,
				0AD73BF71FB2B0A300256654 /* MainViewController.m */,
				0AD73C031FB2C8C200256654 /* MainSubViewControllersConfig.plist */,
			);
			path = Main;
			sourceTree = "<group>";
		};
		C3DE8D551FA6D08E007CE853 /* Me */ = {
			isa = PBXGroup;
			children = (
				C3DE8D731FA6D283007CE853 /* MeViewController.h */,
				C3DE8D741FA6D283007CE853 /* MeViewController.m */,
				C3B23CBE1FAB02BB00D78E5C /* LoginAndRegister */,
				C3B23CD31FAB02C200D78E5C /* UserCenter */,
				C3108E901FA9AEE60087C473 /* OrderCenterViewController.h */,
				C3108E911FA9AEE60087C473 /* OrderCenterViewController.m */,
				C3108E931FA9AEFB0087C473 /* OldAccountViewController.h */,
				C3108E941FA9AEFB0087C473 /* OldAccountViewController.m */,
				C3108E961FA9AF0C0087C473 /* MyCounponViewController.h */,
				C3108E971FA9AF0C0087C473 /* MyCounponViewController.m */,
				C3108E991FA9AF1C0087C473 /* SettingViewController.h */,
				C3108E9A1FA9AF1C0087C473 /* SettingViewController.m */,
			);
			path = Me;
			sourceTree = "<group>";
		};
		C3DE8D571FA6D0BA007CE853 /* CustomView */ = {
			isa = PBXGroup;
			children = (
				0AD73C011FB2C0E200256654 /* UIView+NIB.h */,
				0AD73C001FB2C0E200256654 /* UIView+NIB.m */,
				C3B23CAD1FAAB27A00D78E5C /* CommanSwitchBar.h */,
				C3B23CAE1FAAB27A00D78E5C /* CommanSwitchBar.m */,
				C3108EDF1FA9D94F0087C473 /* PageTurningView.h */,
				C3108EE01FA9D94F0087C473 /* PageTurningView.m */,
				C3DE8D581FA6D0BA007CE853 /* TabBarView */,
			);
			path = CustomView;
			sourceTree = "<group>";
		};
		C3DE8D581FA6D0BA007CE853 /* TabBarView */ = {
			isa = PBXGroup;
			children = (
				C3DE8D591FA6D0BA007CE853 /* JOBadgeView */,
				C3DE8D5E1FA6D0BA007CE853 /* LeveyTabBarController */,
			);
			path = TabBarView;
			sourceTree = "<group>";
		};
		C3DE8D591FA6D0BA007CE853 /* JOBadgeView */ = {
			isa = PBXGroup;
			children = (
				C3DE8D5A1FA6D0BA007CE853 /* JOBadgeView.h */,
				C3DE8D5B1FA6D0BA007CE853 /* JOBadgeView.m */,
				C3DE8D5C1FA6D0BA007CE853 /* UIView+Badge.h */,
				C3DE8D5D1FA6D0BA007CE853 /* UIView+Badge.m */,
			);
			path = JOBadgeView;
			sourceTree = "<group>";
		};
		C3DE8D5E1FA6D0BA007CE853 /* LeveyTabBarController */ = {
			isa = PBXGroup;
			children = (
				C3DE8D5F1FA6D0BA007CE853 /* LeveyTabBar.h */,
				C3DE8D601FA6D0BA007CE853 /* LeveyTabBar.m */,
				C3DE8D611FA6D0BA007CE853 /* LeveyTabBarController.h */,
				C3DE8D621FA6D0BA007CE853 /* LeveyTabBarController.m */,
				C3DE8D631FA6D0BA007CE853 /* TabButton.h */,
				C3DE8D641FA6D0BA007CE853 /* TabButton.m */,
				C3DE8D651FA6D0BA007CE853 /* UIBadgeView.h */,
				C3DE8D661FA6D0BA007CE853 /* UIBadgeView.m */,
			);
			path = LeveyTabBarController;
			sourceTree = "<group>";
		};
/* End PBXGroup section */

/* Begin PBXNativeTarget section */
		C3DE8D2D1FA6CCA1007CE853 /* theOld */ = {
			isa = PBXNativeTarget;
			buildConfigurationList = C3DE8D441FA6CCA1007CE853 /* Build configuration list for PBXNativeTarget "theOld" */;
			buildPhases = (
				C3DE8D2A1FA6CCA1007CE853 /* Sources */,
				C3DE8D2B1FA6CCA1007CE853 /* Frameworks */,
				C3DE8D2C1FA6CCA1007CE853 /* Resources */,
			);
			buildRules = (
			);
			dependencies = (
			);
			name = theOld;
			productName = theOld;
			productReference = C3DE8D2E1FA6CCA1007CE853 /* theOld.app */;
			productType = "com.apple.product-type.application";
		};
/* End PBXNativeTarget section */

/* Begin PBXProject section */
		C3DE8D261FA6CCA1007CE853 /* Project object */ = {
			isa = PBXProject;
			attributes = {
				LastUpgradeCheck = 0900;
				ORGANIZATIONNAME = loary;
				TargetAttributes = {
					C3DE8D2D1FA6CCA1007CE853 = {
						CreatedOnToolsVersion = 9.0.1;
						ProvisioningStyle = Automatic;
					};
				};
			};
			buildConfigurationList = C3DE8D291FA6CCA1007CE853 /* Build configuration list for PBXProject "theOld" */;
			compatibilityVersion = "Xcode 8.0";
			developmentRegion = en;
			hasScannedForEncodings = 0;
			knownRegions = (
				en,
				Base,
			);
			mainGroup = C3DE8D251FA6CCA1007CE853;
			productRefGroup = C3DE8D2F1FA6CCA1007CE853 /* Products */;
			projectDirPath = "";
			projectRoot = "";
			targets = (
				C3DE8D2D1FA6CCA1007CE853 /* theOld */,
			);
		};
/* End PBXProject section */

/* Begin PBXResourcesBuildPhase section */
		C3DE8D2C1FA6CCA1007CE853 /* Resources */ = {
			isa = PBXResourcesBuildPhase;
			buildActionMask = 2147483647;
			files = (
				0AD73BDA1FB2A1F200256654 /* CarePlanPic@3x.png in Resources */,
				0AD73BFF1FB2B6F900256654 /* HeaderOfMainView.xib in Resources */,
				0AEC50961FB2E257009C60E4 /* theRemoteSupervision@2x.png in Resources */,
				0AD73BE91FB2A1F200256654 /* orderCell@2x.png in Resources */,
				0AEC509C1FB2EEB8009C60E4 /* OldManListCollectionViewCell.xib in Resources */,
				0AEC50911FB2E257009C60E4 /* carePackages@3x.png in Resources */,
				0AEC50901FB2E257009C60E4 /* carePackages@2x.png in Resources */,
				799B1DCA1FB48FB6000CB480 /* BloodSugar@2x.png in Resources */,
				0AD73BF51FB2A39600256654 /* man@2x.png in Resources */,
				0AD73BDE1FB2A1F200256654 /* couponCell@3x.png in Resources */,
				0AD73BF41FB2A39600256654 /* women@2x.png in Resources */,
				0AD73BD91FB2A1F200256654 /* CarePlanPic@2x.png in Resources */,
				799B1DC51FB48FB6000CB480 /* BloodFat@2x.png in Resources */,
				799B1DCD1FB48FB6000CB480 /* BodyTemperature@2x.png in Resources */,
				0AD73BE31FB2A1F200256654 /* oldAccountCell@2x.png in Resources */,
				0AEC50941FB2E257009C60E4 /* PhysiologicalData@2x.png in Resources */,
				0AD73BF31FB2A39600256654 /* man@3x.png in Resources */,
				0AD73BDC1FB2A1F200256654 /* CarePlanPic_s@3x.png in Resources */,
				0AD73BED1FB2A1F200256654 /* userCenterMid@2x.png in Resources */,
				0AD73BF61FB2A39600256654 /* women@3x.png in Resources */,
				799B1DC71FB48FB6000CB480 /* BloodPressure@2x.png in Resources */,
				0AD73BEE1FB2A1F200256654 /* userCenterMid@3x.png in Resources */,
				0AD73BD51FB2A1F200256654 /* accountIconDefault@2x.png in Resources */,
				799B1DC61FB48FB6000CB480 /* BloodFat@3x.png in Resources */,
				0AEC50921FB2E257009C60E4 /* guardians@2x.png in Resources */,
				0AE8BFF21FB5B3B5008C981C /* UserCenterTableViewCell.xib in Resources */,
				799B1DB81FB489DC000CB480 /* PhysiologicalDataTableViewCell.xib in Resources */,
				0AEC50971FB2E257009C60E4 /* theRemoteSupervision@3x.png in Resources */,
				0AEC50C91FB30A71009C60E4 /* SearchOldManOfResultView.xib in Resources */,
				C3DE8D3B1FA6CCA1007CE853 /* Assets.xcassets in Resources */,
				0AD73BDD1FB2A1F200256654 /* couponCell@2x.png in Resources */,
				0AD73BD61FB2A1F200256654 /* accountIconDefault@3x.png in Resources */,
				799B1DC91FB48FB6000CB480 /* HeartRate@2x.png in Resources */,
				0AD73BEA1FB2A1F200256654 /* orderCell@3x.png in Resources */,
				799B1DD01FB48FB6000CB480 /* weight@3x.png in Resources */,
				0AEC50B01FB30120009C60E4 /* GuardiansViewController.xib in Resources */,
				0AD73BD81FB2A1F200256654 /* back@3x.png in Resources */,
				0AEC50951FB2E257009C60E4 /* PhysiologicalData@3x.png in Resources */,
				0AD73BDB1FB2A1F200256654 /* CarePlanPic_s@2x.png in Resources */,
				0AD73BE01FB2A1F200256654 /* MePicture@3x.png in Resources */,
				0AD73BE61FB2A1F200256654 /* oldPic@3x.png in Resources */,
				799B1DB31FB484AF000CB480 /* GuardiansTableViewCell.xib in Resources */,
				0AEC50BD1FB30705009C60E4 /* addImage@3x.png in Resources */,
				0AD73BE81FB2A1F200256654 /* oldPic_s@3x.png in Resources */,
				0AD73BE51FB2A1F200256654 /* oldPic@2x.png in Resources */,
				799B1DCE1FB48FB6000CB480 /* BodyTemperature@3x.png in Resources */,
				C3B23CD01FAB02BB00D78E5C /* LoginSubViewControllersConfig.plist in Resources */,
				0AD73BE21FB2A1F200256654 /* MePicture_s@3x.png in Resources */,
				0AD73BD71FB2A1F200256654 /* back@2x.png in Resources */,
				0AD73BEB1FB2A1F200256654 /* settingCell@2x.png in Resources */,
				0AEC50B51FB30144009C60E4 /* PhysiologicalDataViewController.xib in Resources */,
				0AD73C041FB2C8C300256654 /* MainSubViewControllersConfig.plist in Resources */,
				799B1DCF1FB48FB6000CB480 /* weight@2x.png in Resources */,
				0AD73BE41FB2A1F200256654 /* oldAccountCell@3x.png in Resources */,
				0AD73BDF1FB2A1F200256654 /* MePicture@2x.png in Resources */,
				799B1DCB1FB48FB6000CB480 /* HeartRate@3x.png in Resources */,
				799B1DCC1FB48FB6000CB480 /* BloodSugar@3x.png in Resources */,
				0AEC50BA1FB30167009C60E4 /* TheRemoteSupervisionViewController.xib in Resources */,
				0AEC50931FB2E257009C60E4 /* guardians@3x.png in Resources */,
				0AD73BEC1FB2A1F200256654 /* settingCell@3x.png in Resources */,
				0AEC50BE1FB30705009C60E4 /* addImage@2x.png in Resources */,
				0AEC50C41FB30A50009C60E4 /* SearchOldManView.xib in Resources */,
				0AD73BE11FB2A1F200256654 /* MePicture_s@2x.png in Resources */,
				0AD73BE71FB2A1F200256654 /* oldPic_s@2x.png in Resources */,
				799B1DC81FB48FB6000CB480 /* BloodPressure@3x.png in Resources */,
				0AEC50AB1FB300F9009C60E4 /* CarePackagesViewController.xib in Resources */,
			);
			runOnlyForDeploymentPostprocessing = 0;
		};
/* End PBXResourcesBuildPhase section */

/* Begin PBXSourcesBuildPhase section */
		C3DE8D2A1FA6CCA1007CE853 /* Sources */ = {
			isa = PBXSourcesBuildPhase;
			buildActionMask = 2147483647;
			files = (
				C3108E951FA9AEFB0087C473 /* OldAccountViewController.m in Sources */,
				C3108EE11FA9D94F0087C473 /* PageTurningView.m in Sources */,
				C3108E8C1FA9AC0D0087C473 /* VVConfig.m in Sources */,
				0AD73BFD1FB2B6E400256654 /* HeaderOfMainView.m in Sources */,
				C3108E921FA9AEE60087C473 /* OrderCenterViewController.m in Sources */,
				C398DA721FB29D4600D0BED9 /* DataInterface.m in Sources */,
				0AEC50B91FB30167009C60E4 /* TheRemoteSupervisionViewController.m in Sources */,
				C3B23CD11FAB02BB00D78E5C /* LoginViewController.m in Sources */,
				0AEC509B1FB2EEB8009C60E4 /* OldManListCollectionViewCell.m in Sources */,
				C3DE8D6A1FA6D0BA007CE853 /* LeveyTabBarController.m in Sources */,
				C3DE8D6B1FA6D0BA007CE853 /* TabButton.m in Sources */,
				C3B23CAF1FAAB27A00D78E5C /* CommanSwitchBar.m in Sources */,
				C3108E9B1FA9AF1C0087C473 /* SettingViewController.m in Sources */,
				0A997A6C1FB2CDFF0015EC1F /* ServiceListViewController.m in Sources */,
				0AEC50A51FB30057009C60E4 /* NewAdditionOldManViewController.m in Sources */,
				C3108E8F1FA9AC780087C473 /* VVGlobalDefine.m in Sources */,
				C398DA7A1FB2AE6B00D0BED9 /* NBLWebViewController.m in Sources */,
				C3DE8D411FA6CCA1007CE853 /* main.m in Sources */,
				0AD73C021FB2C0E200256654 /* UIView+NIB.m in Sources */,
				C398DA791FB2AE6A00D0BED9 /* NBLMessage.m in Sources */,
				799B1DD31FB492E6000CB480 /* PhysiologicalDataTableViewHeader.m in Sources */,
				C398DA691FB29BFB00D0BED9 /* AFURLRequestSerialization.m in Sources */,
				799B1DB71FB489DC000CB480 /* PhysiologicalDataTableViewCell.m in Sources */,
				0A997A6B1FB2CDFF0015EC1F /* OldManListViewController.m in Sources */,
				C3B23CD21FAB02BB00D78E5C /* RegisterViewController.m in Sources */,
				C3B23CCC1FAB02BB00D78E5C /* ForgetPwdOneViewController.m in Sources */,
				C3DE8D331FA6CCA1007CE853 /* AppDelegate.m in Sources */,
				0AEC50B41FB30144009C60E4 /* PhysiologicalDataViewController.m in Sources */,
				C3B23CB81FAABA2600D78E5C /* UIImage+RoundedCorner.m in Sources */,
				C398DA661FB29BFB00D0BED9 /* AFHTTPSessionManager.m in Sources */,
				799B1DB21FB484AF000CB480 /* GuardiansTableViewCell.m in Sources */,
				C3DE8D721FA6D27D007CE853 /* CarePlanViewController.m in Sources */,
				0AEC50C21FB30A45009C60E4 /* SearchOldManView.m in Sources */,
				0AE8BFF11FB5B3B5008C981C /* UserCenterTableViewCell.m in Sources */,
				C398DA671FB29BFB00D0BED9 /* AFNetworkReachabilityManager.m in Sources */,
				C3B23CCD1FAB02BB00D78E5C /* ForgetPwdTwoViewController.m in Sources */,
				C3B23CCE1FAB02BB00D78E5C /* LoginNoPwdViewController.m in Sources */,
				C3B23CD61FAB031000D78E5C /* UserCenterViewController.m in Sources */,
				C3108E981FA9AF0C0087C473 /* MyCounponViewController.m in Sources */,
				C398DA6F1FB29D1300D0BED9 /* VFNetAPIClient.m in Sources */,
				C3B23CB91FAABA2600D78E5C /* UIView+RoundedCorner.m in Sources */,
				C398DA6B1FB29BFB00D0BED9 /* AFURLSessionManager.m in Sources */,
				C3DE8D751FA6D284007CE853 /* MeViewController.m in Sources */,
				0AD73BF91FB2B0BF00256654 /* MainViewController.m in Sources */,
				C3DE8D681FA6D0BA007CE853 /* UIView+Badge.m in Sources */,
				C3DE8D6F1FA6D1DA007CE853 /* CustomNavigationController.m in Sources */,
				0AEC50AF1FB30120009C60E4 /* GuardiansViewController.m in Sources */,
				0AEC50C71FB30A67009C60E4 /* SearchOldManOfResultView.m in Sources */,
				C398DA6A1FB29BFB00D0BED9 /* AFURLResponseSerialization.m in Sources */,
				C3DE8D671FA6D0BA007CE853 /* JOBadgeView.m in Sources */,
				C398DA681FB29BFB00D0BED9 /* AFSecurityPolicy.m in Sources */,
				0AEC50AA1FB300F9009C60E4 /* CarePackagesViewController.m in Sources */,
				C3108E9E1FA9C35A0087C473 /* UserManager.m in Sources */,
				C3DE8D691FA6D0BA007CE853 /* LeveyTabBar.m in Sources */,
				C398DA3A1FAC5EE300D0BED9 /* ChangePwdViewController.m in Sources */,
				C3B23CCF1FAB02BB00D78E5C /* LoginPwdViewController.m in Sources */,
				C3DE8D6C1FA6D0BA007CE853 /* UIBadgeView.m in Sources */,
				C398DA401FAC62F900D0BED9 /* ShiMingViewController.m in Sources */,
				C398DA3D1FAC62F000D0BED9 /* ChangeIphoneViewController.m in Sources */,
			);
			runOnlyForDeploymentPostprocessing = 0;
		};
/* End PBXSourcesBuildPhase section */

/* Begin XCBuildConfiguration section */
		C3DE8D421FA6CCA1007CE853 /* Debug */ = {
			isa = XCBuildConfiguration;
			buildSettings = {
				ALWAYS_SEARCH_USER_PATHS = NO;
				CLANG_ANALYZER_NONNULL = YES;
				CLANG_ANALYZER_NUMBER_OBJECT_CONVERSION = YES_AGGRESSIVE;
				CLANG_CXX_LANGUAGE_STANDARD = "gnu++14";
				CLANG_CXX_LIBRARY = "libc++";
				CLANG_ENABLE_MODULES = YES;
				CLANG_ENABLE_OBJC_ARC = YES;
				CLANG_WARN_BLOCK_CAPTURE_AUTORELEASING = YES;
				CLANG_WARN_BOOL_CONVERSION = YES;
				CLANG_WARN_COMMA = YES;
				CLANG_WARN_CONSTANT_CONVERSION = YES;
				CLANG_WARN_DIRECT_OBJC_ISA_USAGE = YES_ERROR;
				CLANG_WARN_DOCUMENTATION_COMMENTS = YES;
				CLANG_WARN_EMPTY_BODY = YES;
				CLANG_WARN_ENUM_CONVERSION = YES;
				CLANG_WARN_INFINITE_RECURSION = YES;
				CLANG_WARN_INT_CONVERSION = YES;
				CLANG_WARN_NON_LITERAL_NULL_CONVERSION = YES;
				CLANG_WARN_OBJC_LITERAL_CONVERSION = YES;
				CLANG_WARN_OBJC_ROOT_CLASS = YES_ERROR;
				CLANG_WARN_RANGE_LOOP_ANALYSIS = YES;
				CLANG_WARN_STRICT_PROTOTYPES = YES;
				CLANG_WARN_SUSPICIOUS_MOVE = YES;
				CLANG_WARN_UNGUARDED_AVAILABILITY = YES_AGGRESSIVE;
				CLANG_WARN_UNREACHABLE_CODE = YES;
				CLANG_WARN__DUPLICATE_METHOD_MATCH = YES;
				CODE_SIGN_IDENTITY = "iPhone Developer";
				COPY_PHASE_STRIP = NO;
				DEBUG_INFORMATION_FORMAT = dwarf;
				ENABLE_STRICT_OBJC_MSGSEND = YES;
				ENABLE_TESTABILITY = YES;
				GCC_C_LANGUAGE_STANDARD = gnu11;
				GCC_DYNAMIC_NO_PIC = NO;
				GCC_NO_COMMON_BLOCKS = YES;
				GCC_OPTIMIZATION_LEVEL = 0;
				GCC_PREPROCESSOR_DEFINITIONS = (
					"DEBUG=1",
					"$(inherited)",
				);
				GCC_WARN_64_TO_32_BIT_CONVERSION = YES;
				GCC_WARN_ABOUT_RETURN_TYPE = YES_ERROR;
				GCC_WARN_UNDECLARED_SELECTOR = YES;
				GCC_WARN_UNINITIALIZED_AUTOS = YES_AGGRESSIVE;
				GCC_WARN_UNUSED_FUNCTION = YES;
				GCC_WARN_UNUSED_VARIABLE = YES;
				IPHONEOS_DEPLOYMENT_TARGET = 11.0;
				MTL_ENABLE_DEBUG_INFO = YES;
				ONLY_ACTIVE_ARCH = YES;
				SDKROOT = iphoneos;
			};
			name = Debug;
		};
		C3DE8D431FA6CCA1007CE853 /* Release */ = {
			isa = XCBuildConfiguration;
			buildSettings = {
				ALWAYS_SEARCH_USER_PATHS = NO;
				CLANG_ANALYZER_NONNULL = YES;
				CLANG_ANALYZER_NUMBER_OBJECT_CONVERSION = YES_AGGRESSIVE;
				CLANG_CXX_LANGUAGE_STANDARD = "gnu++14";
				CLANG_CXX_LIBRARY = "libc++";
				CLANG_ENABLE_MODULES = YES;
				CLANG_ENABLE_OBJC_ARC = YES;
				CLANG_WARN_BLOCK_CAPTURE_AUTORELEASING = YES;
				CLANG_WARN_BOOL_CONVERSION = YES;
				CLANG_WARN_COMMA = YES;
				CLANG_WARN_CONSTANT_CONVERSION = YES;
				CLANG_WARN_DIRECT_OBJC_ISA_USAGE = YES_ERROR;
				CLANG_WARN_DOCUMENTATION_COMMENTS = YES;
				CLANG_WARN_EMPTY_BODY = YES;
				CLANG_WARN_ENUM_CONVERSION = YES;
				CLANG_WARN_INFINITE_RECURSION = YES;
				CLANG_WARN_INT_CONVERSION = YES;
				CLANG_WARN_NON_LITERAL_NULL_CONVERSION = YES;
				CLANG_WARN_OBJC_LITERAL_CONVERSION = YES;
				CLANG_WARN_OBJC_ROOT_CLASS = YES_ERROR;
				CLANG_WARN_RANGE_LOOP_ANALYSIS = YES;
				CLANG_WARN_STRICT_PROTOTYPES = YES;
				CLANG_WARN_SUSPICIOUS_MOVE = YES;
				CLANG_WARN_UNGUARDED_AVAILABILITY = YES_AGGRESSIVE;
				CLANG_WARN_UNREACHABLE_CODE = YES;
				CLANG_WARN__DUPLICATE_METHOD_MATCH = YES;
				CODE_SIGN_IDENTITY = "iPhone Developer";
				COPY_PHASE_STRIP = NO;
				DEBUG_INFORMATION_FORMAT = "dwarf-with-dsym";
				ENABLE_NS_ASSERTIONS = NO;
				ENABLE_STRICT_OBJC_MSGSEND = YES;
				GCC_C_LANGUAGE_STANDARD = gnu11;
				GCC_NO_COMMON_BLOCKS = YES;
				GCC_WARN_64_TO_32_BIT_CONVERSION = YES;
				GCC_WARN_ABOUT_RETURN_TYPE = YES_ERROR;
				GCC_WARN_UNDECLARED_SELECTOR = YES;
				GCC_WARN_UNINITIALIZED_AUTOS = YES_AGGRESSIVE;
				GCC_WARN_UNUSED_FUNCTION = YES;
				GCC_WARN_UNUSED_VARIABLE = YES;
				IPHONEOS_DEPLOYMENT_TARGET = 11.0;
				MTL_ENABLE_DEBUG_INFO = NO;
				SDKROOT = iphoneos;
				VALIDATE_PRODUCT = YES;
			};
			name = Release;
		};
		C3DE8D451FA6CCA1007CE853 /* Debug */ = {
			isa = XCBuildConfiguration;
			buildSettings = {
				ASSETCATALOG_COMPILER_APPICON_NAME = AppIcon;
				ASSETCATALOG_COMPILER_LAUNCHIMAGE_NAME = LaunchImage;
				CODE_SIGN_STYLE = Automatic;
				DEVELOPMENT_TEAM = N7ACXAH9HH;
				GCC_PREFIX_HEADER = "theOld/theOld-Prefix.pch";
				INFOPLIST_FILE = theOld/Info.plist;
				IPHONEOS_DEPLOYMENT_TARGET = 8.0;
				LD_RUNPATH_SEARCH_PATHS = "$(inherited) @executable_path/Frameworks";
				PRODUCT_BUNDLE_IDENTIFIER = com.qaty.aup23.theOldd;
				PRODUCT_NAME = "$(TARGET_NAME)";
				TARGETED_DEVICE_FAMILY = 1;
			};
			name = Debug;
		};
		C3DE8D461FA6CCA1007CE853 /* Release */ = {
			isa = XCBuildConfiguration;
			buildSettings = {
				ASSETCATALOG_COMPILER_APPICON_NAME = AppIcon;
				ASSETCATALOG_COMPILER_LAUNCHIMAGE_NAME = LaunchImage;
				CODE_SIGN_STYLE = Automatic;
				DEVELOPMENT_TEAM = N7ACXAH9HH;
				GCC_PREFIX_HEADER = "theOld/theOld-Prefix.pch";
				INFOPLIST_FILE = theOld/Info.plist;
				IPHONEOS_DEPLOYMENT_TARGET = 8.0;
				LD_RUNPATH_SEARCH_PATHS = "$(inherited) @executable_path/Frameworks";
				PRODUCT_BUNDLE_IDENTIFIER = com.qaty.aup23.theOldd;
				PRODUCT_NAME = "$(TARGET_NAME)";
				TARGETED_DEVICE_FAMILY = 1;
			};
			name = Release;
		};
/* End XCBuildConfiguration section */

/* Begin XCConfigurationList section */
		C3DE8D291FA6CCA1007CE853 /* Build configuration list for PBXProject "theOld" */ = {
			isa = XCConfigurationList;
			buildConfigurations = (
				C3DE8D421FA6CCA1007CE853 /* Debug */,
				C3DE8D431FA6CCA1007CE853 /* Release */,
			);
			defaultConfigurationIsVisible = 0;
			defaultConfigurationName = Release;
		};
		C3DE8D441FA6CCA1007CE853 /* Build configuration list for PBXNativeTarget "theOld" */ = {
			isa = XCConfigurationList;
			buildConfigurations = (
				C3DE8D451FA6CCA1007CE853 /* Debug */,
				C3DE8D461FA6CCA1007CE853 /* Release */,
			);
			defaultConfigurationIsVisible = 0;
			defaultConfigurationName = Release;
		};
/* End XCConfigurationList section */
	};
	rootObject = C3DE8D261FA6CCA1007CE853 /* Project object */;
}
